// !$*UTF8*$!
{
	archiveVersion = 1;
	classes = {
	};
	objectVersion = 56;
	objects = {

/* Begin PBXBuildFile section */
		6367AF629929F2FDFA8AF014 /* Pods_Test_CoordinatorTests.framework in Frameworks */ = {isa = PBXBuildFile; fileRef = CCAA154AAD07EAFA968EA318 /* Pods_Test_CoordinatorTests.framework */; };
		85A62522ECC5557E8B99EB98 /* Pods_Test_Coordinator.framework in Frameworks */ = {isa = PBXBuildFile; fileRef = 97FB2B11EEEDD71777721579 /* Pods_Test_Coordinator.framework */; };
		A81119932995C8D600BBE62D /* MainTabBarController.swift in Sources */ = {isa = PBXBuildFile; fileRef = A81119922995C8D600BBE62D /* MainTabBarController.swift */; };
		A88C91E329948AE000B5EA05 /* AppDelegate.swift in Sources */ = {isa = PBXBuildFile; fileRef = A88C91E229948AE000B5EA05 /* AppDelegate.swift */; };
		A88C91E529948AE000B5EA05 /* SceneDelegate.swift in Sources */ = {isa = PBXBuildFile; fileRef = A88C91E429948AE000B5EA05 /* SceneDelegate.swift */; };
		A88C91E729948AE000B5EA05 /* ViewController.swift in Sources */ = {isa = PBXBuildFile; fileRef = A88C91E629948AE000B5EA05 /* ViewController.swift */; };
		A88C91EA29948AE000B5EA05 /* Main.storyboard in Resources */ = {isa = PBXBuildFile; fileRef = A88C91E829948AE000B5EA05 /* Main.storyboard */; };
		A88C91EC29948AE100B5EA05 /* Assets.xcassets in Resources */ = {isa = PBXBuildFile; fileRef = A88C91EB29948AE100B5EA05 /* Assets.xcassets */; };
		A88C91EF29948AE100B5EA05 /* LaunchScreen.storyboard in Resources */ = {isa = PBXBuildFile; fileRef = A88C91ED29948AE100B5EA05 /* LaunchScreen.storyboard */; };
		A88C91FA29948AE100B5EA05 /* Test_CoordinatorTests.swift in Sources */ = {isa = PBXBuildFile; fileRef = A88C91F929948AE100B5EA05 /* Test_CoordinatorTests.swift */; };
		A88C920429948AE100B5EA05 /* Test_CoordinatorUITests.swift in Sources */ = {isa = PBXBuildFile; fileRef = A88C920329948AE100B5EA05 /* Test_CoordinatorUITests.swift */; };
		A88C920629948AE100B5EA05 /* Test_CoordinatorUITestsLaunchTests.swift in Sources */ = {isa = PBXBuildFile; fileRef = A88C920529948AE100B5EA05 /* Test_CoordinatorUITestsLaunchTests.swift */; };
		A88C921329948AF200B5EA05 /* Coordinator.swift in Sources */ = {isa = PBXBuildFile; fileRef = A88C921229948AF200B5EA05 /* Coordinator.swift */; };
		A88C921529948B1D00B5EA05 /* MainCoordinator.swift in Sources */ = {isa = PBXBuildFile; fileRef = A88C921429948B1D00B5EA05 /* MainCoordinator.swift */; };
		A88C921729948BCB00B5EA05 /* Storyboarded.swift in Sources */ = {isa = PBXBuildFile; fileRef = A88C921629948BCB00B5EA05 /* Storyboarded.swift */; };
		A88C921929948D9500B5EA05 /* BuyViewController.swift in Sources */ = {isa = PBXBuildFile; fileRef = A88C921829948D9500B5EA05 /* BuyViewController.swift */; };
		A88C921B29948D9B00B5EA05 /* CreateAccountViewController.swift in Sources */ = {isa = PBXBuildFile; fileRef = A88C921A29948D9B00B5EA05 /* CreateAccountViewController.swift */; };
		A88C921D299497BC00B5EA05 /* CodeBaseViewController.swift in Sources */ = {isa = PBXBuildFile; fileRef = A88C921C299497BC00B5EA05 /* CodeBaseViewController.swift */; };
		A88C921F2994D55F00B5EA05 /* BuyCoordinator.swift in Sources */ = {isa = PBXBuildFile; fileRef = A88C921E2994D55F00B5EA05 /* BuyCoordinator.swift */; };
		BD623107FDA60C8C9854D011 /* Pods_Test_Coordinator_Test_CoordinatorUITests.framework in Frameworks */ = {isa = PBXBuildFile; fileRef = 4844FC419C388EB67E9A154C /* Pods_Test_Coordinator_Test_CoordinatorUITests.framework */; };
/* End PBXBuildFile section */

/* Begin PBXContainerItemProxy section */
		A88C91F629948AE100B5EA05 /* PBXContainerItemProxy */ = {
			isa = PBXContainerItemProxy;
			containerPortal = A88C91D729948AE000B5EA05 /* Project object */;
			proxyType = 1;
			remoteGlobalIDString = A88C91DE29948AE000B5EA05;
			remoteInfo = Test_Coordinator;
		};
		A88C920029948AE100B5EA05 /* PBXContainerItemProxy */ = {
			isa = PBXContainerItemProxy;
			containerPortal = A88C91D729948AE000B5EA05 /* Project object */;
			proxyType = 1;
			remoteGlobalIDString = A88C91DE29948AE000B5EA05;
			remoteInfo = Test_Coordinator;
		};
/* End PBXContainerItemProxy section */

/* Begin PBXFileReference section */
		1D8CE1583BC89D7F89D0959F /* Pods-Test_Coordinator.debug.xcconfig */ = {isa = PBXFileReference; includeInIndex = 1; lastKnownFileType = text.xcconfig; name = "Pods-Test_Coordinator.debug.xcconfig"; path = "Target Support Files/Pods-Test_Coordinator/Pods-Test_Coordinator.debug.xcconfig"; sourceTree = "<group>"; };
		4844FC419C388EB67E9A154C /* Pods_Test_Coordinator_Test_CoordinatorUITests.framework */ = {isa = PBXFileReference; explicitFileType = wrapper.framework; includeInIndex = 0; path = Pods_Test_Coordinator_Test_CoordinatorUITests.framework; sourceTree = BUILT_PRODUCTS_DIR; };
		4E68DDD6E2A995382FDC3040 /* Pods-Test_CoordinatorTests.release.xcconfig */ = {isa = PBXFileReference; includeInIndex = 1; lastKnownFileType = text.xcconfig; name = "Pods-Test_CoordinatorTests.release.xcconfig"; path = "Target Support Files/Pods-Test_CoordinatorTests/Pods-Test_CoordinatorTests.release.xcconfig"; sourceTree = "<group>"; };
		7586BA7C7E3B795239BBBD6D /* Pods-Test_Coordinator-Test_CoordinatorUITests.debug.xcconfig */ = {isa = PBXFileReference; includeInIndex = 1; lastKnownFileType = text.xcconfig; name = "Pods-Test_Coordinator-Test_CoordinatorUITests.debug.xcconfig"; path = "Target Support Files/Pods-Test_Coordinator-Test_CoordinatorUITests/Pods-Test_Coordinator-Test_CoordinatorUITests.debug.xcconfig"; sourceTree = "<group>"; };
		85FD4269F8CA1893FCB4D7B0 /* Pods-Test_CoordinatorTests.debug.xcconfig */ = {isa = PBXFileReference; includeInIndex = 1; lastKnownFileType = text.xcconfig; name = "Pods-Test_CoordinatorTests.debug.xcconfig"; path = "Target Support Files/Pods-Test_CoordinatorTests/Pods-Test_CoordinatorTests.debug.xcconfig"; sourceTree = "<group>"; };
		97FB2B11EEEDD71777721579 /* Pods_Test_Coordinator.framework */ = {isa = PBXFileReference; explicitFileType = wrapper.framework; includeInIndex = 0; path = Pods_Test_Coordinator.framework; sourceTree = BUILT_PRODUCTS_DIR; };
		A81119922995C8D600BBE62D /* MainTabBarController.swift */ = {isa = PBXFileReference; lastKnownFileType = sourcecode.swift; path = MainTabBarController.swift; sourceTree = "<group>"; };
		A88C91DF29948AE000B5EA05 /* Test_Coordinator.app */ = {isa = PBXFileReference; explicitFileType = wrapper.application; includeInIndex = 0; path = Test_Coordinator.app; sourceTree = BUILT_PRODUCTS_DIR; };
		A88C91E229948AE000B5EA05 /* AppDelegate.swift */ = {isa = PBXFileReference; lastKnownFileType = sourcecode.swift; path = AppDelegate.swift; sourceTree = "<group>"; };
		A88C91E429948AE000B5EA05 /* SceneDelegate.swift */ = {isa = PBXFileReference; lastKnownFileType = sourcecode.swift; path = SceneDelegate.swift; sourceTree = "<group>"; };
		A88C91E629948AE000B5EA05 /* ViewController.swift */ = {isa = PBXFileReference; lastKnownFileType = sourcecode.swift; path = ViewController.swift; sourceTree = "<group>"; };
		A88C91E929948AE000B5EA05 /* Base */ = {isa = PBXFileReference; lastKnownFileType = file.storyboard; name = Base; path = Base.lproj/Main.storyboard; sourceTree = "<group>"; };
		A88C91EB29948AE100B5EA05 /* Assets.xcassets */ = {isa = PBXFileReference; lastKnownFileType = folder.assetcatalog; path = Assets.xcassets; sourceTree = "<group>"; };
		A88C91EE29948AE100B5EA05 /* Base */ = {isa = PBXFileReference; lastKnownFileType = file.storyboard; name = Base; path = Base.lproj/LaunchScreen.storyboard; sourceTree = "<group>"; };
		A88C91F029948AE100B5EA05 /* Info.plist */ = {isa = PBXFileReference; lastKnownFileType = text.plist.xml; path = Info.plist; sourceTree = "<group>"; };
		A88C91F529948AE100B5EA05 /* Test_CoordinatorTests.xctest */ = {isa = PBXFileReference; explicitFileType = wrapper.cfbundle; includeInIndex = 0; path = Test_CoordinatorTests.xctest; sourceTree = BUILT_PRODUCTS_DIR; };
		A88C91F929948AE100B5EA05 /* Test_CoordinatorTests.swift */ = {isa = PBXFileReference; lastKnownFileType = sourcecode.swift; path = Test_CoordinatorTests.swift; sourceTree = "<group>"; };
		A88C91FF29948AE100B5EA05 /* Test_CoordinatorUITests.xctest */ = {isa = PBXFileReference; explicitFileType = wrapper.cfbundle; includeInIndex = 0; path = Test_CoordinatorUITests.xctest; sourceTree = BUILT_PRODUCTS_DIR; };
		A88C920329948AE100B5EA05 /* Test_CoordinatorUITests.swift */ = {isa = PBXFileReference; lastKnownFileType = sourcecode.swift; path = Test_CoordinatorUITests.swift; sourceTree = "<group>"; };
		A88C920529948AE100B5EA05 /* Test_CoordinatorUITestsLaunchTests.swift */ = {isa = PBXFileReference; lastKnownFileType = sourcecode.swift; path = Test_CoordinatorUITestsLaunchTests.swift; sourceTree = "<group>"; };
		A88C921229948AF200B5EA05 /* Coordinator.swift */ = {isa = PBXFileReference; lastKnownFileType = sourcecode.swift; path = Coordinator.swift; sourceTree = "<group>"; };
		A88C921429948B1D00B5EA05 /* MainCoordinator.swift */ = {isa = PBXFileReference; lastKnownFileType = sourcecode.swift; path = MainCoordinator.swift; sourceTree = "<group>"; };
		A88C921629948BCB00B5EA05 /* Storyboarded.swift */ = {isa = PBXFileReference; lastKnownFileType = sourcecode.swift; path = Storyboarded.swift; sourceTree = "<group>"; };
		A88C921829948D9500B5EA05 /* BuyViewController.swift */ = {isa = PBXFileReference; lastKnownFileType = sourcecode.swift; path = BuyViewController.swift; sourceTree = "<group>"; };
		A88C921A29948D9B00B5EA05 /* CreateAccountViewController.swift */ = {isa = PBXFileReference; lastKnownFileType = sourcecode.swift; path = CreateAccountViewController.swift; sourceTree = "<group>"; };
		A88C921C299497BC00B5EA05 /* CodeBaseViewController.swift */ = {isa = PBXFileReference; lastKnownFileType = sourcecode.swift; path = CodeBaseViewController.swift; sourceTree = "<group>"; };
		A88C921E2994D55F00B5EA05 /* BuyCoordinator.swift */ = {isa = PBXFileReference; lastKnownFileType = sourcecode.swift; path = BuyCoordinator.swift; sourceTree = "<group>"; };
		CCAA154AAD07EAFA968EA318 /* Pods_Test_CoordinatorTests.framework */ = {isa = PBXFileReference; explicitFileType = wrapper.framework; includeInIndex = 0; path = Pods_Test_CoordinatorTests.framework; sourceTree = BUILT_PRODUCTS_DIR; };
		DE22F7CB6197365B6BA61D17 /* Pods-Test_Coordinator.release.xcconfig */ = {isa = PBXFileReference; includeInIndex = 1; lastKnownFileType = text.xcconfig; name = "Pods-Test_Coordinator.release.xcconfig"; path = "Target Support Files/Pods-Test_Coordinator/Pods-Test_Coordinator.release.xcconfig"; sourceTree = "<group>"; };
		E32C4E784BC312B7DC5E1295 /* Pods-Test_Coordinator-Test_CoordinatorUITests.release.xcconfig */ = {isa = PBXFileReference; includeInIndex = 1; lastKnownFileType = text.xcconfig; name = "Pods-Test_Coordinator-Test_CoordinatorUITests.release.xcconfig"; path = "Target Support Files/Pods-Test_Coordinator-Test_CoordinatorUITests/Pods-Test_Coordinator-Test_CoordinatorUITests.release.xcconfig"; sourceTree = "<group>"; };
/* End PBXFileReference section */

/* Begin PBXFrameworksBuildPhase section */
		A88C91DC29948AE000B5EA05 /* Frameworks */ = {
			isa = PBXFrameworksBuildPhase;
			buildActionMask = 2147483647;
			files = (
				85A62522ECC5557E8B99EB98 /* Pods_Test_Coordinator.framework in Frameworks */,
			);
			runOnlyForDeploymentPostprocessing = 0;
		};
		A88C91F229948AE100B5EA05 /* Frameworks */ = {
			isa = PBXFrameworksBuildPhase;
			buildActionMask = 2147483647;
			files = (
				6367AF629929F2FDFA8AF014 /* Pods_Test_CoordinatorTests.framework in Frameworks */,
			);
			runOnlyForDeploymentPostprocessing = 0;
		};
		A88C91FC29948AE100B5EA05 /* Frameworks */ = {
			isa = PBXFrameworksBuildPhase;
			buildActionMask = 2147483647;
			files = (
				BD623107FDA60C8C9854D011 /* Pods_Test_Coordinator_Test_CoordinatorUITests.framework in Frameworks */,
			);
			runOnlyForDeploymentPostprocessing = 0;
		};
/* End PBXFrameworksBuildPhase section */

/* Begin PBXGroup section */
		0AA6A70922CCB3DF1AA6C9D9 /* Frameworks */ = {
			isa = PBXGroup;
			children = (
				97FB2B11EEEDD71777721579 /* Pods_Test_Coordinator.framework */,
				4844FC419C388EB67E9A154C /* Pods_Test_Coordinator_Test_CoordinatorUITests.framework */,
				CCAA154AAD07EAFA968EA318 /* Pods_Test_CoordinatorTests.framework */,
			);
			name = Frameworks;
			sourceTree = "<group>";
		};
		24AD6A5B6DACBB607A1BA929 /* Pods */ = {
			isa = PBXGroup;
			children = (
				1D8CE1583BC89D7F89D0959F /* Pods-Test_Coordinator.debug.xcconfig */,
				DE22F7CB6197365B6BA61D17 /* Pods-Test_Coordinator.release.xcconfig */,
				7586BA7C7E3B795239BBBD6D /* Pods-Test_Coordinator-Test_CoordinatorUITests.debug.xcconfig */,
				E32C4E784BC312B7DC5E1295 /* Pods-Test_Coordinator-Test_CoordinatorUITests.release.xcconfig */,
				85FD4269F8CA1893FCB4D7B0 /* Pods-Test_CoordinatorTests.debug.xcconfig */,
				4E68DDD6E2A995382FDC3040 /* Pods-Test_CoordinatorTests.release.xcconfig */,
			);
			path = Pods;
			sourceTree = "<group>";
		};
		A811198F2994E29100BBE62D /* Delegate */ = {
			isa = PBXGroup;
			children = (
				A88C91E229948AE000B5EA05 /* AppDelegate.swift */,
				A88C91E429948AE000B5EA05 /* SceneDelegate.swift */,
			);
			path = Delegate;
			sourceTree = "<group>";
		};
		A81119902994E29800BBE62D /* Presention */ = {
			isa = PBXGroup;
			children = (
				A88C91E629948AE000B5EA05 /* ViewController.swift */,
				A88C921829948D9500B5EA05 /* BuyViewController.swift */,
				A88C921A29948D9B00B5EA05 /* CreateAccountViewController.swift */,
				A81119922995C8D600BBE62D /* MainTabBarController.swift */,
				A88C921C299497BC00B5EA05 /* CodeBaseViewController.swift */,
			);
			path = Presention;
			sourceTree = "<group>";
		};
		A81119912994E2A300BBE62D /* Coordinator */ = {
			isa = PBXGroup;
			children = (
				A88C921629948BCB00B5EA05 /* Storyboarded.swift */,
				A88C921229948AF200B5EA05 /* Coordinator.swift */,
				A88C921429948B1D00B5EA05 /* MainCoordinator.swift */,
				A88C921E2994D55F00B5EA05 /* BuyCoordinator.swift */,
			);
			path = Coordinator;
			sourceTree = "<group>";
		};
		A88C91D629948AE000B5EA05 = {
			isa = PBXGroup;
			children = (
				A88C91E129948AE000B5EA05 /* Test_Coordinator */,
				A88C91F829948AE100B5EA05 /* Test_CoordinatorTests */,
				A88C920229948AE100B5EA05 /* Test_CoordinatorUITests */,
				A88C91E029948AE000B5EA05 /* Products */,
				24AD6A5B6DACBB607A1BA929 /* Pods */,
				0AA6A70922CCB3DF1AA6C9D9 /* Frameworks */,
			);
			sourceTree = "<group>";
		};
		A88C91E029948AE000B5EA05 /* Products */ = {
			isa = PBXGroup;
			children = (
				A88C91DF29948AE000B5EA05 /* Test_Coordinator.app */,
				A88C91F529948AE100B5EA05 /* Test_CoordinatorTests.xctest */,
				A88C91FF29948AE100B5EA05 /* Test_CoordinatorUITests.xctest */,
			);
			name = Products;
			sourceTree = "<group>";
		};
		A88C91E129948AE000B5EA05 /* Test_Coordinator */ = {
			isa = PBXGroup;
			children = (
				A811198F2994E29100BBE62D /* Delegate */,
				A81119902994E29800BBE62D /* Presention */,
				A81119912994E2A300BBE62D /* Coordinator */,
				A88C91E829948AE000B5EA05 /* Main.storyboard */,
				A88C91EB29948AE100B5EA05 /* Assets.xcassets */,
				A88C91ED29948AE100B5EA05 /* LaunchScreen.storyboard */,
				A88C91F029948AE100B5EA05 /* Info.plist */,
			);
			path = Test_Coordinator;
			sourceTree = "<group>";
		};
		A88C91F829948AE100B5EA05 /* Test_CoordinatorTests */ = {
			isa = PBXGroup;
			children = (
				A88C91F929948AE100B5EA05 /* Test_CoordinatorTests.swift */,
			);
			path = Test_CoordinatorTests;
			sourceTree = "<group>";
		};
		A88C920229948AE100B5EA05 /* Test_CoordinatorUITests */ = {
			isa = PBXGroup;
			children = (
				A88C920329948AE100B5EA05 /* Test_CoordinatorUITests.swift */,
				A88C920529948AE100B5EA05 /* Test_CoordinatorUITestsLaunchTests.swift */,
			);
			path = Test_CoordinatorUITests;
			sourceTree = "<group>";
		};
/* End PBXGroup section */

/* Begin PBXNativeTarget section */
		A88C91DE29948AE000B5EA05 /* Test_Coordinator */ = {
			isa = PBXNativeTarget;
			buildConfigurationList = A88C920929948AE100B5EA05 /* Build configuration list for PBXNativeTarget "Test_Coordinator" */;
			buildPhases = (
				3F67C4897A7B4D0E4DEA695F /* [CP] Check Pods Manifest.lock */,
				A88C91DB29948AE000B5EA05 /* Sources */,
				A88C91DC29948AE000B5EA05 /* Frameworks */,
				A88C91DD29948AE000B5EA05 /* Resources */,
				5B4B04C43E28B1A03659CABA /* [CP] Embed Pods Frameworks */,
			);
			buildRules = (
			);
			dependencies = (
			);
			name = Test_Coordinator;
			productName = Test_Coordinator;
			productReference = A88C91DF29948AE000B5EA05 /* Test_Coordinator.app */;
			productType = "com.apple.product-type.application";
		};
		A88C91F429948AE100B5EA05 /* Test_CoordinatorTests */ = {
			isa = PBXNativeTarget;
			buildConfigurationList = A88C920C29948AE100B5EA05 /* Build configuration list for PBXNativeTarget "Test_CoordinatorTests" */;
			buildPhases = (
				7DFA5E923AD938EAC9160D0D /* [CP] Check Pods Manifest.lock */,
				A88C91F129948AE100B5EA05 /* Sources */,
				A88C91F229948AE100B5EA05 /* Frameworks */,
				A88C91F329948AE100B5EA05 /* Resources */,
			);
			buildRules = (
			);
			dependencies = (
				A88C91F729948AE100B5EA05 /* PBXTargetDependency */,
			);
			name = Test_CoordinatorTests;
			productName = Test_CoordinatorTests;
			productReference = A88C91F529948AE100B5EA05 /* Test_CoordinatorTests.xctest */;
			productType = "com.apple.product-type.bundle.unit-test";
		};
		A88C91FE29948AE100B5EA05 /* Test_CoordinatorUITests */ = {
			isa = PBXNativeTarget;
			buildConfigurationList = A88C920F29948AE100B5EA05 /* Build configuration list for PBXNativeTarget "Test_CoordinatorUITests" */;
			buildPhases = (
				52F82E131F66BE1CF85E8F99 /* [CP] Check Pods Manifest.lock */,
				A88C91FB29948AE100B5EA05 /* Sources */,
				A88C91FC29948AE100B5EA05 /* Frameworks */,
				A88C91FD29948AE100B5EA05 /* Resources */,
				321B03C1F7FBCD86370F4079 /* [CP] Embed Pods Frameworks */,
			);
			buildRules = (
			);
			dependencies = (
				A88C920129948AE100B5EA05 /* PBXTargetDependency */,
			);
			name = Test_CoordinatorUITests;
			productName = Test_CoordinatorUITests;
			productReference = A88C91FF29948AE100B5EA05 /* Test_CoordinatorUITests.xctest */;
			productType = "com.apple.product-type.bundle.ui-testing";
		};
/* End PBXNativeTarget section */

/* Begin PBXProject section */
		A88C91D729948AE000B5EA05 /* Project object */ = {
			isa = PBXProject;
			attributes = {
				BuildIndependentTargetsInParallel = 1;
				LastSwiftUpdateCheck = 1420;
				LastUpgradeCheck = 1420;
				TargetAttributes = {
					A88C91DE29948AE000B5EA05 = {
						CreatedOnToolsVersion = 14.2;
					};
					A88C91F429948AE100B5EA05 = {
						CreatedOnToolsVersion = 14.2;
						TestTargetID = A88C91DE29948AE000B5EA05;
					};
					A88C91FE29948AE100B5EA05 = {
						CreatedOnToolsVersion = 14.2;
						TestTargetID = A88C91DE29948AE000B5EA05;
					};
				};
			};
			buildConfigurationList = A88C91DA29948AE000B5EA05 /* Build configuration list for PBXProject "Test_Coordinator" */;
			compatibilityVersion = "Xcode 14.0";
			developmentRegion = en;
			hasScannedForEncodings = 0;
			knownRegions = (
				en,
				Base,
			);
			mainGroup = A88C91D629948AE000B5EA05;
			productRefGroup = A88C91E029948AE000B5EA05 /* Products */;
			projectDirPath = "";
			projectRoot = "";
			targets = (
				A88C91DE29948AE000B5EA05 /* Test_Coordinator */,
				A88C91F429948AE100B5EA05 /* Test_CoordinatorTests */,
				A88C91FE29948AE100B5EA05 /* Test_CoordinatorUITests */,
			);
		};
/* End PBXProject section */

/* Begin PBXResourcesBuildPhase section */
		A88C91DD29948AE000B5EA05 /* Resources */ = {
			isa = PBXResourcesBuildPhase;
			buildActionMask = 2147483647;
			files = (
				A88C91EF29948AE100B5EA05 /* LaunchScreen.storyboard in Resources */,
				A88C91EC29948AE100B5EA05 /* Assets.xcassets in Resources */,
				A88C91EA29948AE000B5EA05 /* Main.storyboard in Resources */,
			);
			runOnlyForDeploymentPostprocessing = 0;
		};
		A88C91F329948AE100B5EA05 /* Resources */ = {
			isa = PBXResourcesBuildPhase;
			buildActionMask = 2147483647;
			files = (
			);
			runOnlyForDeploymentPostprocessing = 0;
		};
		A88C91FD29948AE100B5EA05 /* Resources */ = {
			isa = PBXResourcesBuildPhase;
			buildActionMask = 2147483647;
			files = (
			);
			runOnlyForDeploymentPostprocessing = 0;
		};
/* End PBXResourcesBuildPhase section */

/* Begin PBXShellScriptBuildPhase section */
		321B03C1F7FBCD86370F4079 /* [CP] Embed Pods Frameworks */ = {
			isa = PBXShellScriptBuildPhase;
			buildActionMask = 2147483647;
			files = (
			);
			inputFileListPaths = (
				"${PODS_ROOT}/Target Support Files/Pods-Test_Coordinator-Test_CoordinatorUITests/Pods-Test_Coordinator-Test_CoordinatorUITests-frameworks-${CONFIGURATION}-input-files.xcfilelist",
			);
			name = "[CP] Embed Pods Frameworks";
			outputFileListPaths = (
				"${PODS_ROOT}/Target Support Files/Pods-Test_Coordinator-Test_CoordinatorUITests/Pods-Test_Coordinator-Test_CoordinatorUITests-frameworks-${CONFIGURATION}-output-files.xcfilelist",
			);
			runOnlyForDeploymentPostprocessing = 0;
			shellPath = /bin/sh;
			shellScript = "\"${PODS_ROOT}/Target Support Files/Pods-Test_Coordinator-Test_CoordinatorUITests/Pods-Test_Coordinator-Test_CoordinatorUITests-frameworks.sh\"\n";
			showEnvVarsInLog = 0;
		};
		3F67C4897A7B4D0E4DEA695F /* [CP] Check Pods Manifest.lock */ = {
			isa = PBXShellScriptBuildPhase;
			buildActionMask = 2147483647;
			files = (
			);
			inputFileListPaths = (
			);
			inputPaths = (
				"${PODS_PODFILE_DIR_PATH}/Podfile.lock",
				"${PODS_ROOT}/Manifest.lock",
			);
			name = "[CP] Check Pods Manifest.lock";
			outputFileListPaths = (
			);
			outputPaths = (
				"$(DERIVED_FILE_DIR)/Pods-Test_Coordinator-checkManifestLockResult.txt",
			);
			runOnlyForDeploymentPostprocessing = 0;
			shellPath = /bin/sh;
			shellScript = "diff \"${PODS_PODFILE_DIR_PATH}/Podfile.lock\" \"${PODS_ROOT}/Manifest.lock\" > /dev/null\nif [ $? != 0 ] ; then\n    # print error to STDERR\n    echo \"error: The sandbox is not in sync with the Podfile.lock. Run 'pod install' or update your CocoaPods installation.\" >&2\n    exit 1\nfi\n# This output is used by Xcode 'outputs' to avoid re-running this script phase.\necho \"SUCCESS\" > \"${SCRIPT_OUTPUT_FILE_0}\"\n";
			showEnvVarsInLog = 0;
		};
		52F82E131F66BE1CF85E8F99 /* [CP] Check Pods Manifest.lock */ = {
			isa = PBXShellScriptBuildPhase;
			buildActionMask = 2147483647;
			files = (
			);
			inputFileListPaths = (
			);
			inputPaths = (
				"${PODS_PODFILE_DIR_PATH}/Podfile.lock",
				"${PODS_ROOT}/Manifest.lock",
			);
			name = "[CP] Check Pods Manifest.lock";
			outputFileListPaths = (
			);
			outputPaths = (
				"$(DERIVED_FILE_DIR)/Pods-Test_Coordinator-Test_CoordinatorUITests-checkManifestLockResult.txt",
			);
			runOnlyForDeploymentPostprocessing = 0;
			shellPath = /bin/sh;
			shellScript = "diff \"${PODS_PODFILE_DIR_PATH}/Podfile.lock\" \"${PODS_ROOT}/Manifest.lock\" > /dev/null\nif [ $? != 0 ] ; then\n    # print error to STDERR\n    echo \"error: The sandbox is not in sync with the Podfile.lock. Run 'pod install' or update your CocoaPods installation.\" >&2\n    exit 1\nfi\n# This output is used by Xcode 'outputs' to avoid re-running this script phase.\necho \"SUCCESS\" > \"${SCRIPT_OUTPUT_FILE_0}\"\n";
			showEnvVarsInLog = 0;
		};
		5B4B04C43E28B1A03659CABA /* [CP] Embed Pods Frameworks */ = {
			isa = PBXShellScriptBuildPhase;
			buildActionMask = 2147483647;
			files = (
			);
			inputFileListPaths = (
				"${PODS_ROOT}/Target Support Files/Pods-Test_Coordinator/Pods-Test_Coordinator-frameworks-${CONFIGURATION}-input-files.xcfilelist",
			);
			name = "[CP] Embed Pods Frameworks";
			outputFileListPaths = (
				"${PODS_ROOT}/Target Support Files/Pods-Test_Coordinator/Pods-Test_Coordinator-frameworks-${CONFIGURATION}-output-files.xcfilelist",
			);
			runOnlyForDeploymentPostprocessing = 0;
			shellPath = /bin/sh;
			shellScript = "\"${PODS_ROOT}/Target Support Files/Pods-Test_Coordinator/Pods-Test_Coordinator-frameworks.sh\"\n";
			showEnvVarsInLog = 0;
		};
		7DFA5E923AD938EAC9160D0D /* [CP] Check Pods Manifest.lock */ = {
			isa = PBXShellScriptBuildPhase;
			buildActionMask = 2147483647;
			files = (
			);
			inputFileListPaths = (
			);
			inputPaths = (
				"${PODS_PODFILE_DIR_PATH}/Podfile.lock",
				"${PODS_ROOT}/Manifest.lock",
			);
			name = "[CP] Check Pods Manifest.lock";
			outputFileListPaths = (
			);
			outputPaths = (
				"$(DERIVED_FILE_DIR)/Pods-Test_CoordinatorTests-checkManifestLockResult.txt",
			);
			runOnlyForDeploymentPostprocessing = 0;
			shellPath = /bin/sh;
			shellScript = "diff \"${PODS_PODFILE_DIR_PATH}/Podfile.lock\" \"${PODS_ROOT}/Manifest.lock\" > /dev/null\nif [ $? != 0 ] ; then\n    # print error to STDERR\n    echo \"error: The sandbox is not in sync with the Podfile.lock. Run 'pod install' or update your CocoaPods installation.\" >&2\n    exit 1\nfi\n# This output is used by Xcode 'outputs' to avoid re-running this script phase.\necho \"SUCCESS\" > \"${SCRIPT_OUTPUT_FILE_0}\"\n";
			showEnvVarsInLog = 0;
		};
/* End PBXShellScriptBuildPhase section */

/* Begin PBXSourcesBuildPhase section */
		A88C91DB29948AE000B5EA05 /* Sources */ = {
			isa = PBXSourcesBuildPhase;
			buildActionMask = 2147483647;
			files = (
				A88C921329948AF200B5EA05 /* Coordinator.swift in Sources */,
				A88C91E729948AE000B5EA05 /* ViewController.swift in Sources */,
				A81119932995C8D600BBE62D /* MainTabBarController.swift in Sources */,
				A88C921D299497BC00B5EA05 /* CodeBaseViewController.swift in Sources */,
				A88C921F2994D55F00B5EA05 /* BuyCoordinator.swift in Sources */,
				A88C91E329948AE000B5EA05 /* AppDelegate.swift in Sources */,
				A88C921529948B1D00B5EA05 /* MainCoordinator.swift in Sources */,
				A88C921B29948D9B00B5EA05 /* CreateAccountViewController.swift in Sources */,
				A88C91E529948AE000B5EA05 /* SceneDelegate.swift in Sources */,
				A88C921929948D9500B5EA05 /* BuyViewController.swift in Sources */,
				A88C921729948BCB00B5EA05 /* Storyboarded.swift in Sources */,
			);
			runOnlyForDeploymentPostprocessing = 0;
		};
		A88C91F129948AE100B5EA05 /* Sources */ = {
			isa = PBXSourcesBuildPhase;
			buildActionMask = 2147483647;
			files = (
				A88C91FA29948AE100B5EA05 /* Test_CoordinatorTests.swift in Sources */,
			);
			runOnlyForDeploymentPostprocessing = 0;
		};
		A88C91FB29948AE100B5EA05 /* Sources */ = {
			isa = PBXSourcesBuildPhase;
			buildActionMask = 2147483647;
			files = (
				A88C920429948AE100B5EA05 /* Test_CoordinatorUITests.swift in Sources */,
				A88C920629948AE100B5EA05 /* Test_CoordinatorUITestsLaunchTests.swift in Sources */,
			);
			runOnlyForDeploymentPostprocessing = 0;
		};
/* End PBXSourcesBuildPhase section */

/* Begin PBXTargetDependency section */
		A88C91F729948AE100B5EA05 /* PBXTargetDependency */ = {
			isa = PBXTargetDependency;
			target = A88C91DE29948AE000B5EA05 /* Test_Coordinator */;
			targetProxy = A88C91F629948AE100B5EA05 /* PBXContainerItemProxy */;
		};
		A88C920129948AE100B5EA05 /* PBXTargetDependency */ = {
			isa = PBXTargetDependency;
			target = A88C91DE29948AE000B5EA05 /* Test_Coordinator */;
			targetProxy = A88C920029948AE100B5EA05 /* PBXContainerItemProxy */;
		};
/* End PBXTargetDependency section */

/* Begin PBXVariantGroup section */
		A88C91E829948AE000B5EA05 /* Main.storyboard */ = {
			isa = PBXVariantGroup;
			children = (
				A88C91E929948AE000B5EA05 /* Base */,
			);
			name = Main.storyboard;
			sourceTree = "<group>";
		};
		A88C91ED29948AE100B5EA05 /* LaunchScreen.storyboard */ = {
			isa = PBXVariantGroup;
			children = (
				A88C91EE29948AE100B5EA05 /* Base */,
			);
			name = LaunchScreen.storyboard;
			sourceTree = "<group>";
		};
/* End PBXVariantGroup section */

/* Begin XCBuildConfiguration section */
		A88C920729948AE100B5EA05 /* Debug */ = {
			isa = XCBuildConfiguration;
			buildSettings = {
				ALWAYS_SEARCH_USER_PATHS = NO;
				CLANG_ANALYZER_NONNULL = YES;
				CLANG_ANALYZER_NUMBER_OBJECT_CONVERSION = YES_AGGRESSIVE;
				CLANG_CXX_LANGUAGE_STANDARD = "gnu++20";
				CLANG_ENABLE_MODULES = YES;
				CLANG_ENABLE_OBJC_ARC = YES;
				CLANG_ENABLE_OBJC_WEAK = YES;
				CLANG_WARN_BLOCK_CAPTURE_AUTORELEASING = YES;
				CLANG_WARN_BOOL_CONVERSION = YES;
				CLANG_WARN_COMMA = YES;
				CLANG_WARN_CONSTANT_CONVERSION = YES;
				CLANG_WARN_DEPRECATED_OBJC_IMPLEMENTATIONS = YES;
				CLANG_WARN_DIRECT_OBJC_ISA_USAGE = YES_ERROR;
				CLANG_WARN_DOCUMENTATION_COMMENTS = YES;
				CLANG_WARN_EMPTY_BODY = YES;
				CLANG_WARN_ENUM_CONVERSION = YES;
				CLANG_WARN_INFINITE_RECURSION = YES;
				CLANG_WARN_INT_CONVERSION = YES;
				CLANG_WARN_NON_LITERAL_NULL_CONVERSION = YES;
				CLANG_WARN_OBJC_IMPLICIT_RETAIN_SELF = YES;
				CLANG_WARN_OBJC_LITERAL_CONVERSION = YES;
				CLANG_WARN_OBJC_ROOT_CLASS = YES_ERROR;
				CLANG_WARN_QUOTED_INCLUDE_IN_FRAMEWORK_HEADER = YES;
				CLANG_WARN_RANGE_LOOP_ANALYSIS = YES;
				CLANG_WARN_STRICT_PROTOTYPES = YES;
				CLANG_WARN_SUSPICIOUS_MOVE = YES;
				CLANG_WARN_UNGUARDED_AVAILABILITY = YES_AGGRESSIVE;
				CLANG_WARN_UNREACHABLE_CODE = YES;
				CLANG_WARN__DUPLICATE_METHOD_MATCH = YES;
				COPY_PHASE_STRIP = NO;
				DEBUG_INFORMATION_FORMAT = dwarf;
				ENABLE_STRICT_OBJC_MSGSEND = YES;
				ENABLE_TESTABILITY = YES;
				GCC_C_LANGUAGE_STANDARD = gnu11;
				GCC_DYNAMIC_NO_PIC = NO;
				GCC_NO_COMMON_BLOCKS = YES;
				GCC_OPTIMIZATION_LEVEL = 0;
				GCC_PREPROCESSOR_DEFINITIONS = (
					"DEBUG=1",
					"$(inherited)",
				);
				GCC_WARN_64_TO_32_BIT_CONVERSION = YES;
				GCC_WARN_ABOUT_RETURN_TYPE = YES_ERROR;
				GCC_WARN_UNDECLARED_SELECTOR = YES;
				GCC_WARN_UNINITIALIZED_AUTOS = YES_AGGRESSIVE;
				GCC_WARN_UNUSED_FUNCTION = YES;
				GCC_WARN_UNUSED_VARIABLE = YES;
				IPHONEOS_DEPLOYMENT_TARGET = 16.2;
				MTL_ENABLE_DEBUG_INFO = INCLUDE_SOURCE;
				MTL_FAST_MATH = YES;
				ONLY_ACTIVE_ARCH = YES;
				SDKROOT = iphoneos;
				SWIFT_ACTIVE_COMPILATION_CONDITIONS = DEBUG;
				SWIFT_OPTIMIZATION_LEVEL = "-Onone";
			};
			name = Debug;
		};
		A88C920829948AE100B5EA05 /* Release */ = {
			isa = XCBuildConfiguration;
			buildSettings = {
				ALWAYS_SEARCH_USER_PATHS = NO;
				CLANG_ANALYZER_NONNULL = YES;
				CLANG_ANALYZER_NUMBER_OBJECT_CONVERSION = YES_AGGRESSIVE;
				CLANG_CXX_LANGUAGE_STANDARD = "gnu++20";
				CLANG_ENABLE_MODULES = YES;
				CLANG_ENABLE_OBJC_ARC = YES;
				CLANG_ENABLE_OBJC_WEAK = YES;
				CLANG_WARN_BLOCK_CAPTURE_AUTORELEASING = YES;
				CLANG_WARN_BOOL_CONVERSION = YES;
				CLANG_WARN_COMMA = YES;
				CLANG_WARN_CONSTANT_CONVERSION = YES;
				CLANG_WARN_DEPRECATED_OBJC_IMPLEMENTATIONS = YES;
				CLANG_WARN_DIRECT_OBJC_ISA_USAGE = YES_ERROR;
				CLANG_WARN_DOCUMENTATION_COMMENTS = YES;
				CLANG_WARN_EMPTY_BODY = YES;
				CLANG_WARN_ENUM_CONVERSION = YES;
				CLANG_WARN_INFINITE_RECURSION = YES;
				CLANG_WARN_INT_CONVERSION = YES;
				CLANG_WARN_NON_LITERAL_NULL_CONVERSION = YES;
				CLANG_WARN_OBJC_IMPLICIT_RETAIN_SELF = YES;
				CLANG_WARN_OBJC_LITERAL_CONVERSION = YES;
				CLANG_WARN_OBJC_ROOT_CLASS = YES_ERROR;
				CLANG_WARN_QUOTED_INCLUDE_IN_FRAMEWORK_HEADER = YES;
				CLANG_WARN_RANGE_LOOP_ANALYSIS = YES;
				CLANG_WARN_STRICT_PROTOTYPES = YES;
				CLANG_WARN_SUSPICIOUS_MOVE = YES;
				CLANG_WARN_UNGUARDED_AVAILABILITY = YES_AGGRESSIVE;
				CLANG_WARN_UNREACHABLE_CODE = YES;
				CLANG_WARN__DUPLICATE_METHOD_MATCH = YES;
				COPY_PHASE_STRIP = NO;
				DEBUG_INFORMATION_FORMAT = "dwarf-with-dsym";
				ENABLE_NS_ASSERTIONS = NO;
				ENABLE_STRICT_OBJC_MSGSEND = YES;
				GCC_C_LANGUAGE_STANDARD = gnu11;
				GCC_NO_COMMON_BLOCKS = YES;
				GCC_WARN_64_TO_32_BIT_CONVERSION = YES;
				GCC_WARN_ABOUT_RETURN_TYPE = YES_ERROR;
				GCC_WARN_UNDECLARED_SELECTOR = YES;
				GCC_WARN_UNINITIALIZED_AUTOS = YES_AGGRESSIVE;
				GCC_WARN_UNUSED_FUNCTION = YES;
				GCC_WARN_UNUSED_VARIABLE = YES;
				IPHONEOS_DEPLOYMENT_TARGET = 16.2;
				MTL_ENABLE_DEBUG_INFO = NO;
				MTL_FAST_MATH = YES;
				SDKROOT = iphoneos;
				SWIFT_COMPILATION_MODE = wholemodule;
				SWIFT_OPTIMIZATION_LEVEL = "-O";
				VALIDATE_PRODUCT = YES;
			};
			name = Release;
		};
		A88C920A29948AE100B5EA05 /* Debug */ = {
			isa = XCBuildConfiguration;
			baseConfigurationReference = 1D8CE1583BC89D7F89D0959F /* Pods-Test_Coordinator.debug.xcconfig */;
			buildSettings = {
				ASSETCATALOG_COMPILER_APPICON_NAME = AppIcon;
				ASSETCATALOG_COMPILER_GLOBAL_ACCENT_COLOR_NAME = AccentColor;
				CODE_SIGN_STYLE = Automatic;
				CURRENT_PROJECT_VERSION = 1;
				GENERATE_INFOPLIST_FILE = YES;
				INFOPLIST_FILE = Test_Coordinator/Info.plist;
				INFOPLIST_KEY_UIApplicationSupportsIndirectInputEvents = YES;
				INFOPLIST_KEY_UILaunchStoryboardName = LaunchScreen;
				INFOPLIST_KEY_UISupportedInterfaceOrientations_iPad = "UIInterfaceOrientationPortrait UIInterfaceOrientationPortraitUpsideDown UIInterfaceOrientationLandscapeLeft UIInterfaceOrientationLandscapeRight";
				INFOPLIST_KEY_UISupportedInterfaceOrientations_iPhone = "UIInterfaceOrientationPortrait UIInterfaceOrientationLandscapeLeft UIInterfaceOrientationLandscapeRight";
				LD_RUNPATH_SEARCH_PATHS = (
					"$(inherited)",
					"@executable_path/Frameworks",
				);
				MARKETING_VERSION = 1.0;
				PRODUCT_BUNDLE_IDENTIFIER = "com.test.Test-Coordinator";
				PRODUCT_NAME = "$(TARGET_NAME)";
				SWIFT_EMIT_LOC_STRINGS = YES;
				SWIFT_VERSION = 5.0;
				TARGETED_DEVICE_FAMILY = "1,2";
			};
			name = Debug;
		};
		A88C920B29948AE100B5EA05 /* Release */ = {
			isa = XCBuildConfiguration;
			baseConfigurationReference = DE22F7CB6197365B6BA61D17 /* Pods-Test_Coordinator.release.xcconfig */;
			buildSettings = {
				ASSETCATALOG_COMPILER_APPICON_NAME = AppIcon;
				ASSETCATALOG_COMPILER_GLOBAL_ACCENT_COLOR_NAME = AccentColor;
				CODE_SIGN_STYLE = Automatic;
				CURRENT_PROJECT_VERSION = 1;
				GENERATE_INFOPLIST_FILE = YES;
				INFOPLIST_FILE = Test_Coordinator/Info.plist;
				INFOPLIST_KEY_UIApplicationSupportsIndirectInputEvents = YES;
				INFOPLIST_KEY_UILaunchStoryboardName = LaunchScreen;
				INFOPLIST_KEY_UISupportedInterfaceOrientations_iPad = "UIInterfaceOrientationPortrait UIInterfaceOrientationPortraitUpsideDown UIInterfaceOrientationLandscapeLeft UIInterfaceOrientationLandscapeRight";
				INFOPLIST_KEY_UISupportedInterfaceOrientations_iPhone = "UIInterfaceOrientationPortrait UIInterfaceOrientationLandscapeLeft UIInterfaceOrientationLandscapeRight";
				LD_RUNPATH_SEARCH_PATHS = (
					"$(inherited)",
					"@executable_path/Frameworks",
				);
				MARKETING_VERSION = 1.0;
				PRODUCT_BUNDLE_IDENTIFIER = "com.test.Test-Coordinator";
				PRODUCT_NAME = "$(TARGET_NAME)";
				SWIFT_EMIT_LOC_STRINGS = YES;
				SWIFT_VERSION = 5.0;
				TARGETED_DEVICE_FAMILY = "1,2";
			};
			name = Release;
		};
		A88C920D29948AE100B5EA05 /* Debug */ = {
			isa = XCBuildConfiguration;
			baseConfigurationReference = 85FD4269F8CA1893FCB4D7B0 /* Pods-Test_CoordinatorTests.debug.xcconfig */;
			buildSettings = {
				ALWAYS_EMBED_SWIFT_STANDARD_LIBRARIES = YES;
				BUNDLE_LOADER = "$(TEST_HOST)";
				CODE_SIGN_STYLE = Automatic;
				CURRENT_PROJECT_VERSION = 1;
				GENERATE_INFOPLIST_FILE = YES;
				IPHONEOS_DEPLOYMENT_TARGET = 16.2;
				MARKETING_VERSION = 1.0;
				PRODUCT_BUNDLE_IDENTIFIER = "com.test.Test-CoordinatorTests";
				PRODUCT_NAME = "$(TARGET_NAME)";
				SWIFT_EMIT_LOC_STRINGS = NO;
				SWIFT_VERSION = 5.0;
				TARGETED_DEVICE_FAMILY = "1,2";
				TEST_HOST = "$(BUILT_PRODUCTS_DIR)/Test_Coordinator.app/$(BUNDLE_EXECUTABLE_FOLDER_PATH)/Test_Coordinator";
			};
			name = Debug;
		};
		A88C920E29948AE100B5EA05 /* Release */ = {
			isa = XCBuildConfiguration;
			baseConfigurationReference = 4E68DDD6E2A995382FDC3040 /* Pods-Test_CoordinatorTests.release.xcconfig */;
			buildSettings = {
				ALWAYS_EMBED_SWIFT_STANDARD_LIBRARIES = YES;
				BUNDLE_LOADER = "$(TEST_HOST)";
				CODE_SIGN_STYLE = Automatic;
				CURRENT_PROJECT_VERSION = 1;
				GENERATE_INFOPLIST_FILE = YES;
				IPHONEOS_DEPLOYMENT_TARGET = 16.2;
				MARKETING_VERSION = 1.0;
				PRODUCT_BUNDLE_IDENTIFIER = "com.test.Test-CoordinatorTests";
				PRODUCT_NAME = "$(TARGET_NAME)";
				SWIFT_EMIT_LOC_STRINGS = NO;
				SWIFT_VERSION = 5.0;
				TARGETED_DEVICE_FAMILY = "1,2";
				TEST_HOST = "$(BUILT_PRODUCTS_DIR)/Test_Coordinator.app/$(BUNDLE_EXECUTABLE_FOLDER_PATH)/Test_Coordinator";
			};
			name = Release;
		};
		A88C921029948AE100B5EA05 /* Debug */ = {
			isa = XCBuildConfiguration;
			baseConfigurationReference = 7586BA7C7E3B795239BBBD6D /* Pods-Test_Coordinator-Test_CoordinatorUITests.debug.xcconfig */;
			buildSettings = {
				ALWAYS_EMBED_SWIFT_STANDARD_LIBRARIES = YES;
				CODE_SIGN_STYLE = Automatic;
				CURRENT_PROJECT_VERSION = 1;
				GENERATE_INFOPLIST_FILE = YES;
				MARKETING_VERSION = 1.0;
				PRODUCT_BUNDLE_IDENTIFIER = "com.test.Test-CoordinatorUITests";
				PRODUCT_NAME = "$(TARGET_NAME)";
				SWIFT_EMIT_LOC_STRINGS = NO;
				SWIFT_VERSION = 5.0;
				TARGETED_DEVICE_FAMILY = "1,2";
				TEST_TARGET_NAME = Test_Coordinator;
			};
			name = Debug;
		};
		A88C921129948AE100B5EA05 /* Release */ = {
			isa = XCBuildConfiguration;
			baseConfigurationReference = E32C4E784BC312B7DC5E1295 /* Pods-Test_Coordinator-Test_CoordinatorUITests.release.xcconfig */;
			buildSettings = {
				ALWAYS_EMBED_SWIFT_STANDARD_LIBRARIES = YES;
				CODE_SIGN_STYLE = Automatic;
				CURRENT_PROJECT_VERSION = 1;
				GENERATE_INFOPLIST_FILE = YES;
				MARKETING_VERSION = 1.0;
				PRODUCT_BUNDLE_IDENTIFIER = "com.test.Test-CoordinatorUITests";
				PRODUCT_NAME = "$(TARGET_NAME)";
				SWIFT_EMIT_LOC_STRINGS = NO;
				SWIFT_VERSION = 5.0;
				TARGETED_DEVICE_FAMILY = "1,2";
				TEST_TARGET_NAME = Test_Coordinator;
			};
			name = Release;
		};
/* End XCBuildConfiguration section */

/* Begin XCConfigurationList section */
		A88C91DA29948AE000B5EA05 /* Build configuration list for PBXProject "Test_Coordinator" */ = {
			isa = XCConfigurationList;
			buildConfigurations = (
				A88C920729948AE100B5EA05 /* Debug */,
				A88C920829948AE100B5EA05 /* Release */,
			);
			defaultConfigurationIsVisible = 0;
			defaultConfigurationName = Release;
		};
		A88C920929948AE100B5EA05 /* Build configuration list for PBXNativeTarget "Test_Coordinator" */ = {
			isa = XCConfigurationList;
			buildConfigurations = (
				A88C920A29948AE100B5EA05 /* Debug */,
				A88C920B29948AE100B5EA05 /* Release */,
			);
			defaultConfigurationIsVisible = 0;
			defaultConfigurationName = Release;
		};
		A88C920C29948AE100B5EA05 /* Build configuration list for PBXNativeTarget "Test_CoordinatorTests" */ = {
			isa = XCConfigurationList;
			buildConfigurations = (
				A88C920D29948AE100B5EA05 /* Debug */,
				A88C920E29948AE100B5EA05 /* Release */,
			);
			defaultConfigurationIsVisible = 0;
			defaultConfigurationName = Release;
		};
		A88C920F29948AE100B5EA05 /* Build configuration list for PBXNativeTarget "Test_CoordinatorUITests" */ = {
			isa = XCConfigurationList;
			buildConfigurations = (
				A88C921029948AE100B5EA05 /* Debug */,
				A88C921129948AE100B5EA05 /* Release */,
			);
			defaultConfigurationIsVisible = 0;
			defaultConfigurationName = Release;
		};
/* End XCConfigurationList section */
	};
	rootObject = A88C91D729948AE000B5EA05 /* Project object */;
}
