// !$*UTF8*$!
{
	archiveVersion = 1;
	classes = {
	};
	objectVersion = 56;
	objects = {

/* Begin PBXBuildFile section */
		218F339555CC0BD1318560CA /* Pods_Test_TabBarCoordinator_Test_TabBarCoordinatorUITests.framework in Frameworks */ = {isa = PBXBuildFile; fileRef = 9188EA4AC36EF53FB4C86760 /* Pods_Test_TabBarCoordinator_Test_TabBarCoordinatorUITests.framework */; };
		4010178BCCD90AAE9BFBAA2D /* Pods_Test_TabBarCoordinatorTests.framework in Frameworks */ = {isa = PBXBuildFile; fileRef = EB52F6E52E7CA79C2547E38C /* Pods_Test_TabBarCoordinatorTests.framework */; };
		6BD343190AF49B7121D2DA9C /* Pods_Test_TabBarCoordinator.framework in Frameworks */ = {isa = PBXBuildFile; fileRef = BEA065EBE1B41EB91E6961C9 /* Pods_Test_TabBarCoordinator.framework */; };
		A81119A12995D17600BBE62D /* AppDelegate.swift in Sources */ = {isa = PBXBuildFile; fileRef = A81119A02995D17600BBE62D /* AppDelegate.swift */; };
		A81119A32995D17600BBE62D /* SceneDelegate.swift in Sources */ = {isa = PBXBuildFile; fileRef = A81119A22995D17600BBE62D /* SceneDelegate.swift */; };
		A81119A52995D17600BBE62D /* ViewController.swift in Sources */ = {isa = PBXBuildFile; fileRef = A81119A42995D17600BBE62D /* ViewController.swift */; };
		A81119A82995D17600BBE62D /* Main.storyboard in Resources */ = {isa = PBXBuildFile; fileRef = A81119A62995D17600BBE62D /* Main.storyboard */; };
		A81119AA2995D17700BBE62D /* Assets.xcassets in Resources */ = {isa = PBXBuildFile; fileRef = A81119A92995D17700BBE62D /* Assets.xcassets */; };
		A81119AD2995D17700BBE62D /* LaunchScreen.storyboard in Resources */ = {isa = PBXBuildFile; fileRef = A81119AB2995D17700BBE62D /* LaunchScreen.storyboard */; };
		A81119B82995D17700BBE62D /* Test_TabBarCoordinatorTests.swift in Sources */ = {isa = PBXBuildFile; fileRef = A81119B72995D17700BBE62D /* Test_TabBarCoordinatorTests.swift */; };
		A81119C22995D17700BBE62D /* Test_TabBarCoordinatorUITests.swift in Sources */ = {isa = PBXBuildFile; fileRef = A81119C12995D17700BBE62D /* Test_TabBarCoordinatorUITests.swift */; };
		A81119C42995D17700BBE62D /* Test_TabBarCoordinatorUITestsLaunchTests.swift in Sources */ = {isa = PBXBuildFile; fileRef = A81119C32995D17700BBE62D /* Test_TabBarCoordinatorUITestsLaunchTests.swift */; };
		A81119D12995E03400BBE62D /* Coordinator.swift in Sources */ = {isa = PBXBuildFile; fileRef = A81119D02995E03400BBE62D /* Coordinator.swift */; };
		A81119D32995E05F00BBE62D /* FirstViewCoordinator.swift in Sources */ = {isa = PBXBuildFile; fileRef = A81119D22995E05F00BBE62D /* FirstViewCoordinator.swift */; };
		A81119D52995E0EE00BBE62D /* FirstViewController.swift in Sources */ = {isa = PBXBuildFile; fileRef = A81119D42995E0EE00BBE62D /* FirstViewController.swift */; };
/* End PBXBuildFile section */

/* Begin PBXContainerItemProxy section */
		A81119B42995D17700BBE62D /* PBXContainerItemProxy */ = {
			isa = PBXContainerItemProxy;
			containerPortal = A81119952995D17600BBE62D /* Project object */;
			proxyType = 1;
			remoteGlobalIDString = A811199C2995D17600BBE62D;
			remoteInfo = Test_TabBarCoordinator;
		};
		A81119BE2995D17700BBE62D /* PBXContainerItemProxy */ = {
			isa = PBXContainerItemProxy;
			containerPortal = A81119952995D17600BBE62D /* Project object */;
			proxyType = 1;
			remoteGlobalIDString = A811199C2995D17600BBE62D;
			remoteInfo = Test_TabBarCoordinator;
		};
/* End PBXContainerItemProxy section */

/* Begin PBXFileReference section */
		501EB89196D2D9A331598C22 /* Pods-Test_TabBarCoordinator.debug.xcconfig */ = {isa = PBXFileReference; includeInIndex = 1; lastKnownFileType = text.xcconfig; name = "Pods-Test_TabBarCoordinator.debug.xcconfig"; path = "Target Support Files/Pods-Test_TabBarCoordinator/Pods-Test_TabBarCoordinator.debug.xcconfig"; sourceTree = "<group>"; };
		5F0FB455CFC902048ED514DF /* Pods-Test_TabBarCoordinator-Test_TabBarCoordinatorUITests.debug.xcconfig */ = {isa = PBXFileReference; includeInIndex = 1; lastKnownFileType = text.xcconfig; name = "Pods-Test_TabBarCoordinator-Test_TabBarCoordinatorUITests.debug.xcconfig"; path = "Target Support Files/Pods-Test_TabBarCoordinator-Test_TabBarCoordinatorUITests/Pods-Test_TabBarCoordinator-Test_TabBarCoordinatorUITests.debug.xcconfig"; sourceTree = "<group>"; };
		9188EA4AC36EF53FB4C86760 /* Pods_Test_TabBarCoordinator_Test_TabBarCoordinatorUITests.framework */ = {isa = PBXFileReference; explicitFileType = wrapper.framework; includeInIndex = 0; path = Pods_Test_TabBarCoordinator_Test_TabBarCoordinatorUITests.framework; sourceTree = BUILT_PRODUCTS_DIR; };
		A811199D2995D17600BBE62D /* Test_TabBarCoordinator.app */ = {isa = PBXFileReference; explicitFileType = wrapper.application; includeInIndex = 0; path = Test_TabBarCoordinator.app; sourceTree = BUILT_PRODUCTS_DIR; };
		A81119A02995D17600BBE62D /* AppDelegate.swift */ = {isa = PBXFileReference; lastKnownFileType = sourcecode.swift; path = AppDelegate.swift; sourceTree = "<group>"; };
		A81119A22995D17600BBE62D /* SceneDelegate.swift */ = {isa = PBXFileReference; lastKnownFileType = sourcecode.swift; path = SceneDelegate.swift; sourceTree = "<group>"; };
		A81119A42995D17600BBE62D /* ViewController.swift */ = {isa = PBXFileReference; lastKnownFileType = sourcecode.swift; path = ViewController.swift; sourceTree = "<group>"; };
		A81119A72995D17600BBE62D /* Base */ = {isa = PBXFileReference; lastKnownFileType = file.storyboard; name = Base; path = Base.lproj/Main.storyboard; sourceTree = "<group>"; };
		A81119A92995D17700BBE62D /* Assets.xcassets */ = {isa = PBXFileReference; lastKnownFileType = folder.assetcatalog; path = Assets.xcassets; sourceTree = "<group>"; };
		A81119AC2995D17700BBE62D /* Base */ = {isa = PBXFileReference; lastKnownFileType = file.storyboard; name = Base; path = Base.lproj/LaunchScreen.storyboard; sourceTree = "<group>"; };
		A81119AE2995D17700BBE62D /* Info.plist */ = {isa = PBXFileReference; lastKnownFileType = text.plist.xml; path = Info.plist; sourceTree = "<group>"; };
		A81119B32995D17700BBE62D /* Test_TabBarCoordinatorTests.xctest */ = {isa = PBXFileReference; explicitFileType = wrapper.cfbundle; includeInIndex = 0; path = Test_TabBarCoordinatorTests.xctest; sourceTree = BUILT_PRODUCTS_DIR; };
		A81119B72995D17700BBE62D /* Test_TabBarCoordinatorTests.swift */ = {isa = PBXFileReference; lastKnownFileType = sourcecode.swift; path = Test_TabBarCoordinatorTests.swift; sourceTree = "<group>"; };
		A81119BD2995D17700BBE62D /* Test_TabBarCoordinatorUITests.xctest */ = {isa = PBXFileReference; explicitFileType = wrapper.cfbundle; includeInIndex = 0; path = Test_TabBarCoordinatorUITests.xctest; sourceTree = BUILT_PRODUCTS_DIR; };
		A81119C12995D17700BBE62D /* Test_TabBarCoordinatorUITests.swift */ = {isa = PBXFileReference; lastKnownFileType = sourcecode.swift; path = Test_TabBarCoordinatorUITests.swift; sourceTree = "<group>"; };
		A81119C32995D17700BBE62D /* Test_TabBarCoordinatorUITestsLaunchTests.swift */ = {isa = PBXFileReference; lastKnownFileType = sourcecode.swift; path = Test_TabBarCoordinatorUITestsLaunchTests.swift; sourceTree = "<group>"; };
		A81119D02995E03400BBE62D /* Coordinator.swift */ = {isa = PBXFileReference; lastKnownFileType = sourcecode.swift; path = Coordinator.swift; sourceTree = "<group>"; };
		A81119D22995E05F00BBE62D /* FirstViewCoordinator.swift */ = {isa = PBXFileReference; lastKnownFileType = sourcecode.swift; path = FirstViewCoordinator.swift; sourceTree = "<group>"; };
		A81119D42995E0EE00BBE62D /* FirstViewController.swift */ = {isa = PBXFileReference; lastKnownFileType = sourcecode.swift; path = FirstViewController.swift; sourceTree = "<group>"; };
		BD8BE9D2301C3D5526FD4F6E /* Pods-Test_TabBarCoordinator.release.xcconfig */ = {isa = PBXFileReference; includeInIndex = 1; lastKnownFileType = text.xcconfig; name = "Pods-Test_TabBarCoordinator.release.xcconfig"; path = "Target Support Files/Pods-Test_TabBarCoordinator/Pods-Test_TabBarCoordinator.release.xcconfig"; sourceTree = "<group>"; };
		BEA065EBE1B41EB91E6961C9 /* Pods_Test_TabBarCoordinator.framework */ = {isa = PBXFileReference; explicitFileType = wrapper.framework; includeInIndex = 0; path = Pods_Test_TabBarCoordinator.framework; sourceTree = BUILT_PRODUCTS_DIR; };
		C8907D08BF64914FAD52F2DF /* Pods-Test_TabBarCoordinatorTests.debug.xcconfig */ = {isa = PBXFileReference; includeInIndex = 1; lastKnownFileType = text.xcconfig; name = "Pods-Test_TabBarCoordinatorTests.debug.xcconfig"; path = "Target Support Files/Pods-Test_TabBarCoordinatorTests/Pods-Test_TabBarCoordinatorTests.debug.xcconfig"; sourceTree = "<group>"; };
		D3A7DA05211375566AA35D0B /* Pods-Test_TabBarCoordinatorTests.release.xcconfig */ = {isa = PBXFileReference; includeInIndex = 1; lastKnownFileType = text.xcconfig; name = "Pods-Test_TabBarCoordinatorTests.release.xcconfig"; path = "Target Support Files/Pods-Test_TabBarCoordinatorTests/Pods-Test_TabBarCoordinatorTests.release.xcconfig"; sourceTree = "<group>"; };
		EB52F6E52E7CA79C2547E38C /* Pods_Test_TabBarCoordinatorTests.framework */ = {isa = PBXFileReference; explicitFileType = wrapper.framework; includeInIndex = 0; path = Pods_Test_TabBarCoordinatorTests.framework; sourceTree = BUILT_PRODUCTS_DIR; };
		FB73212E9B376E6EC3864A5C /* Pods-Test_TabBarCoordinator-Test_TabBarCoordinatorUITests.release.xcconfig */ = {isa = PBXFileReference; includeInIndex = 1; lastKnownFileType = text.xcconfig; name = "Pods-Test_TabBarCoordinator-Test_TabBarCoordinatorUITests.release.xcconfig"; path = "Target Support Files/Pods-Test_TabBarCoordinator-Test_TabBarCoordinatorUITests/Pods-Test_TabBarCoordinator-Test_TabBarCoordinatorUITests.release.xcconfig"; sourceTree = "<group>"; };
/* End PBXFileReference section */

/* Begin PBXFrameworksBuildPhase section */
		A811199A2995D17600BBE62D /* Frameworks */ = {
			isa = PBXFrameworksBuildPhase;
			buildActionMask = 2147483647;
			files = (
				6BD343190AF49B7121D2DA9C /* Pods_Test_TabBarCoordinator.framework in Frameworks */,
			);
			runOnlyForDeploymentPostprocessing = 0;
		};
		A81119B02995D17700BBE62D /* Frameworks */ = {
			isa = PBXFrameworksBuildPhase;
			buildActionMask = 2147483647;
			files = (
				4010178BCCD90AAE9BFBAA2D /* Pods_Test_TabBarCoordinatorTests.framework in Frameworks */,
			);
			runOnlyForDeploymentPostprocessing = 0;
		};
		A81119BA2995D17700BBE62D /* Frameworks */ = {
			isa = PBXFrameworksBuildPhase;
			buildActionMask = 2147483647;
			files = (
				218F339555CC0BD1318560CA /* Pods_Test_TabBarCoordinator_Test_TabBarCoordinatorUITests.framework in Frameworks */,
			);
			runOnlyForDeploymentPostprocessing = 0;
		};
/* End PBXFrameworksBuildPhase section */

/* Begin PBXGroup section */
		A81119942995D17600BBE62D = {
			isa = PBXGroup;
			children = (
				A811199F2995D17600BBE62D /* Test_TabBarCoordinator */,
				A81119B62995D17700BBE62D /* Test_TabBarCoordinatorTests */,
				A81119C02995D17700BBE62D /* Test_TabBarCoordinatorUITests */,
				A811199E2995D17600BBE62D /* Products */,
				F993ECA11733EA23F20A6CBE /* Pods */,
				B19227BDA65F42DE91DA9062 /* Frameworks */,
			);
			sourceTree = "<group>";
		};
		A811199E2995D17600BBE62D /* Products */ = {
			isa = PBXGroup;
			children = (
				A811199D2995D17600BBE62D /* Test_TabBarCoordinator.app */,
				A81119B32995D17700BBE62D /* Test_TabBarCoordinatorTests.xctest */,
				A81119BD2995D17700BBE62D /* Test_TabBarCoordinatorUITests.xctest */,
			);
			name = Products;
			sourceTree = "<group>";
		};
		A811199F2995D17600BBE62D /* Test_TabBarCoordinator */ = {
			isa = PBXGroup;
			children = (
				A81119A02995D17600BBE62D /* AppDelegate.swift */,
				A81119A22995D17600BBE62D /* SceneDelegate.swift */,
				A81119A42995D17600BBE62D /* ViewController.swift */,
				A81119D02995E03400BBE62D /* Coordinator.swift */,
				A81119D22995E05F00BBE62D /* FirstViewCoordinator.swift */,
				A81119D42995E0EE00BBE62D /* FirstViewController.swift */,
				A81119A62995D17600BBE62D /* Main.storyboard */,
				A81119A92995D17700BBE62D /* Assets.xcassets */,
				A81119AB2995D17700BBE62D /* LaunchScreen.storyboard */,
				A81119AE2995D17700BBE62D /* Info.plist */,
			);
			path = Test_TabBarCoordinator;
			sourceTree = "<group>";
		};
		A81119B62995D17700BBE62D /* Test_TabBarCoordinatorTests */ = {
			isa = PBXGroup;
			children = (
				A81119B72995D17700BBE62D /* Test_TabBarCoordinatorTests.swift */,
			);
			path = Test_TabBarCoordinatorTests;
			sourceTree = "<group>";
		};
		A81119C02995D17700BBE62D /* Test_TabBarCoordinatorUITests */ = {
			isa = PBXGroup;
			children = (
				A81119C12995D17700BBE62D /* Test_TabBarCoordinatorUITests.swift */,
				A81119C32995D17700BBE62D /* Test_TabBarCoordinatorUITestsLaunchTests.swift */,
			);
			path = Test_TabBarCoordinatorUITests;
			sourceTree = "<group>";
		};
		B19227BDA65F42DE91DA9062 /* Frameworks */ = {
			isa = PBXGroup;
			children = (
				BEA065EBE1B41EB91E6961C9 /* Pods_Test_TabBarCoordinator.framework */,
				9188EA4AC36EF53FB4C86760 /* Pods_Test_TabBarCoordinator_Test_TabBarCoordinatorUITests.framework */,
				EB52F6E52E7CA79C2547E38C /* Pods_Test_TabBarCoordinatorTests.framework */,
			);
			name = Frameworks;
			sourceTree = "<group>";
		};
		F993ECA11733EA23F20A6CBE /* Pods */ = {
			isa = PBXGroup;
			children = (
				501EB89196D2D9A331598C22 /* Pods-Test_TabBarCoordinator.debug.xcconfig */,
				BD8BE9D2301C3D5526FD4F6E /* Pods-Test_TabBarCoordinator.release.xcconfig */,
				5F0FB455CFC902048ED514DF /* Pods-Test_TabBarCoordinator-Test_TabBarCoordinatorUITests.debug.xcconfig */,
				FB73212E9B376E6EC3864A5C /* Pods-Test_TabBarCoordinator-Test_TabBarCoordinatorUITests.release.xcconfig */,
				C8907D08BF64914FAD52F2DF /* Pods-Test_TabBarCoordinatorTests.debug.xcconfig */,
				D3A7DA05211375566AA35D0B /* Pods-Test_TabBarCoordinatorTests.release.xcconfig */,
			);
			path = Pods;
			sourceTree = "<group>";
		};
/* End PBXGroup section */

/* Begin PBXNativeTarget section */
		A811199C2995D17600BBE62D /* Test_TabBarCoordinator */ = {
			isa = PBXNativeTarget;
			buildConfigurationList = A81119C72995D17700BBE62D /* Build configuration list for PBXNativeTarget "Test_TabBarCoordinator" */;
			buildPhases = (
				AECFA7ED12CA9E5A77AC27B8 /* [CP] Check Pods Manifest.lock */,
				A81119992995D17600BBE62D /* Sources */,
				A811199A2995D17600BBE62D /* Frameworks */,
				A811199B2995D17600BBE62D /* Resources */,
				4C98C2019D8C2FBFA33BB01A /* [CP] Embed Pods Frameworks */,
			);
			buildRules = (
			);
			dependencies = (
			);
			name = Test_TabBarCoordinator;
			productName = Test_TabBarCoordinator;
			productReference = A811199D2995D17600BBE62D /* Test_TabBarCoordinator.app */;
			productType = "com.apple.product-type.application";
		};
		A81119B22995D17700BBE62D /* Test_TabBarCoordinatorTests */ = {
			isa = PBXNativeTarget;
			buildConfigurationList = A81119CA2995D17700BBE62D /* Build configuration list for PBXNativeTarget "Test_TabBarCoordinatorTests" */;
			buildPhases = (
				365CB36BA7199D633C18BCA0 /* [CP] Check Pods Manifest.lock */,
				A81119AF2995D17700BBE62D /* Sources */,
				A81119B02995D17700BBE62D /* Frameworks */,
				A81119B12995D17700BBE62D /* Resources */,
			);
			buildRules = (
			);
			dependencies = (
				A81119B52995D17700BBE62D /* PBXTargetDependency */,
			);
			name = Test_TabBarCoordinatorTests;
			productName = Test_TabBarCoordinatorTests;
			productReference = A81119B32995D17700BBE62D /* Test_TabBarCoordinatorTests.xctest */;
			productType = "com.apple.product-type.bundle.unit-test";
		};
		A81119BC2995D17700BBE62D /* Test_TabBarCoordinatorUITests */ = {
			isa = PBXNativeTarget;
			buildConfigurationList = A81119CD2995D17700BBE62D /* Build configuration list for PBXNativeTarget "Test_TabBarCoordinatorUITests" */;
			buildPhases = (
				2005FA071DC38785444CE44E /* [CP] Check Pods Manifest.lock */,
				A81119B92995D17700BBE62D /* Sources */,
				A81119BA2995D17700BBE62D /* Frameworks */,
				A81119BB2995D17700BBE62D /* Resources */,
				0B274AE9C370CC09FF3C42F5 /* [CP] Embed Pods Frameworks */,
			);
			buildRules = (
			);
			dependencies = (
				A81119BF2995D17700BBE62D /* PBXTargetDependency */,
			);
			name = Test_TabBarCoordinatorUITests;
			productName = Test_TabBarCoordinatorUITests;
			productReference = A81119BD2995D17700BBE62D /* Test_TabBarCoordinatorUITests.xctest */;
			productType = "com.apple.product-type.bundle.ui-testing";
		};
/* End PBXNativeTarget section */

/* Begin PBXProject section */
		A81119952995D17600BBE62D /* Project object */ = {
			isa = PBXProject;
			attributes = {
				BuildIndependentTargetsInParallel = 1;
				LastSwiftUpdateCheck = 1420;
				LastUpgradeCheck = 1420;
				TargetAttributes = {
					A811199C2995D17600BBE62D = {
						CreatedOnToolsVersion = 14.2;
					};
					A81119B22995D17700BBE62D = {
						CreatedOnToolsVersion = 14.2;
						TestTargetID = A811199C2995D17600BBE62D;
					};
					A81119BC2995D17700BBE62D = {
						CreatedOnToolsVersion = 14.2;
						TestTargetID = A811199C2995D17600BBE62D;
					};
				};
			};
			buildConfigurationList = A81119982995D17600BBE62D /* Build configuration list for PBXProject "Test_TabBarCoordinator" */;
			compatibilityVersion = "Xcode 14.0";
			developmentRegion = en;
			hasScannedForEncodings = 0;
			knownRegions = (
				en,
				Base,
			);
			mainGroup = A81119942995D17600BBE62D;
			productRefGroup = A811199E2995D17600BBE62D /* Products */;
			projectDirPath = "";
			projectRoot = "";
			targets = (
				A811199C2995D17600BBE62D /* Test_TabBarCoordinator */,
				A81119B22995D17700BBE62D /* Test_TabBarCoordinatorTests */,
				A81119BC2995D17700BBE62D /* Test_TabBarCoordinatorUITests */,
			);
		};
/* End PBXProject section */

/* Begin PBXResourcesBuildPhase section */
		A811199B2995D17600BBE62D /* Resources */ = {
			isa = PBXResourcesBuildPhase;
			buildActionMask = 2147483647;
			files = (
				A81119AD2995D17700BBE62D /* LaunchScreen.storyboard in Resources */,
				A81119AA2995D17700BBE62D /* Assets.xcassets in Resources */,
				A81119A82995D17600BBE62D /* Main.storyboard in Resources */,
			);
			runOnlyForDeploymentPostprocessing = 0;
		};
		A81119B12995D17700BBE62D /* Resources */ = {
			isa = PBXResourcesBuildPhase;
			buildActionMask = 2147483647;
			files = (
			);
			runOnlyForDeploymentPostprocessing = 0;
		};
		A81119BB2995D17700BBE62D /* Resources */ = {
			isa = PBXResourcesBuildPhase;
			buildActionMask = 2147483647;
			files = (
			);
			runOnlyForDeploymentPostprocessing = 0;
		};
/* End PBXResourcesBuildPhase section */

/* Begin PBXShellScriptBuildPhase section */
		0B274AE9C370CC09FF3C42F5 /* [CP] Embed Pods Frameworks */ = {
			isa = PBXShellScriptBuildPhase;
			buildActionMask = 2147483647;
			files = (
			);
			inputFileListPaths = (
				"${PODS_ROOT}/Target Support Files/Pods-Test_TabBarCoordinator-Test_TabBarCoordinatorUITests/Pods-Test_TabBarCoordinator-Test_TabBarCoordinatorUITests-frameworks-${CONFIGURATION}-input-files.xcfilelist",
			);
			name = "[CP] Embed Pods Frameworks";
			outputFileListPaths = (
				"${PODS_ROOT}/Target Support Files/Pods-Test_TabBarCoordinator-Test_TabBarCoordinatorUITests/Pods-Test_TabBarCoordinator-Test_TabBarCoordinatorUITests-frameworks-${CONFIGURATION}-output-files.xcfilelist",
			);
			runOnlyForDeploymentPostprocessing = 0;
			shellPath = /bin/sh;
			shellScript = "\"${PODS_ROOT}/Target Support Files/Pods-Test_TabBarCoordinator-Test_TabBarCoordinatorUITests/Pods-Test_TabBarCoordinator-Test_TabBarCoordinatorUITests-frameworks.sh\"\n";
			showEnvVarsInLog = 0;
		};
		2005FA071DC38785444CE44E /* [CP] Check Pods Manifest.lock */ = {
			isa = PBXShellScriptBuildPhase;
			buildActionMask = 2147483647;
			files = (
			);
			inputFileListPaths = (
			);
			inputPaths = (
				"${PODS_PODFILE_DIR_PATH}/Podfile.lock",
				"${PODS_ROOT}/Manifest.lock",
			);
			name = "[CP] Check Pods Manifest.lock";
			outputFileListPaths = (
			);
			outputPaths = (
				"$(DERIVED_FILE_DIR)/Pods-Test_TabBarCoordinator-Test_TabBarCoordinatorUITests-checkManifestLockResult.txt",
			);
			runOnlyForDeploymentPostprocessing = 0;
			shellPath = /bin/sh;
			shellScript = "diff \"${PODS_PODFILE_DIR_PATH}/Podfile.lock\" \"${PODS_ROOT}/Manifest.lock\" > /dev/null\nif [ $? != 0 ] ; then\n    # print error to STDERR\n    echo \"error: The sandbox is not in sync with the Podfile.lock. Run 'pod install' or update your CocoaPods installation.\" >&2\n    exit 1\nfi\n# This output is used by Xcode 'outputs' to avoid re-running this script phase.\necho \"SUCCESS\" > \"${SCRIPT_OUTPUT_FILE_0}\"\n";
			showEnvVarsInLog = 0;
		};
		365CB36BA7199D633C18BCA0 /* [CP] Check Pods Manifest.lock */ = {
			isa = PBXShellScriptBuildPhase;
			buildActionMask = 2147483647;
			files = (
			);
			inputFileListPaths = (
			);
			inputPaths = (
				"${PODS_PODFILE_DIR_PATH}/Podfile.lock",
				"${PODS_ROOT}/Manifest.lock",
			);
			name = "[CP] Check Pods Manifest.lock";
			outputFileListPaths = (
			);
			outputPaths = (
				"$(DERIVED_FILE_DIR)/Pods-Test_TabBarCoordinatorTests-checkManifestLockResult.txt",
			);
			runOnlyForDeploymentPostprocessing = 0;
			shellPath = /bin/sh;
			shellScript = "diff \"${PODS_PODFILE_DIR_PATH}/Podfile.lock\" \"${PODS_ROOT}/Manifest.lock\" > /dev/null\nif [ $? != 0 ] ; then\n    # print error to STDERR\n    echo \"error: The sandbox is not in sync with the Podfile.lock. Run 'pod install' or update your CocoaPods installation.\" >&2\n    exit 1\nfi\n# This output is used by Xcode 'outputs' to avoid re-running this script phase.\necho \"SUCCESS\" > \"${SCRIPT_OUTPUT_FILE_0}\"\n";
			showEnvVarsInLog = 0;
		};
		4C98C2019D8C2FBFA33BB01A /* [CP] Embed Pods Frameworks */ = {
			isa = PBXShellScriptBuildPhase;
			buildActionMask = 2147483647;
			files = (
			);
			inputFileListPaths = (
				"${PODS_ROOT}/Target Support Files/Pods-Test_TabBarCoordinator/Pods-Test_TabBarCoordinator-frameworks-${CONFIGURATION}-input-files.xcfilelist",
			);
			name = "[CP] Embed Pods Frameworks";
			outputFileListPaths = (
				"${PODS_ROOT}/Target Support Files/Pods-Test_TabBarCoordinator/Pods-Test_TabBarCoordinator-frameworks-${CONFIGURATION}-output-files.xcfilelist",
			);
			runOnlyForDeploymentPostprocessing = 0;
			shellPath = /bin/sh;
			shellScript = "\"${PODS_ROOT}/Target Support Files/Pods-Test_TabBarCoordinator/Pods-Test_TabBarCoordinator-frameworks.sh\"\n";
			showEnvVarsInLog = 0;
		};
		AECFA7ED12CA9E5A77AC27B8 /* [CP] Check Pods Manifest.lock */ = {
			isa = PBXShellScriptBuildPhase;
			buildActionMask = 2147483647;
			files = (
			);
			inputFileListPaths = (
			);
			inputPaths = (
				"${PODS_PODFILE_DIR_PATH}/Podfile.lock",
				"${PODS_ROOT}/Manifest.lock",
			);
			name = "[CP] Check Pods Manifest.lock";
			outputFileListPaths = (
			);
			outputPaths = (
				"$(DERIVED_FILE_DIR)/Pods-Test_TabBarCoordinator-checkManifestLockResult.txt",
			);
			runOnlyForDeploymentPostprocessing = 0;
			shellPath = /bin/sh;
			shellScript = "diff \"${PODS_PODFILE_DIR_PATH}/Podfile.lock\" \"${PODS_ROOT}/Manifest.lock\" > /dev/null\nif [ $? != 0 ] ; then\n    # print error to STDERR\n    echo \"error: The sandbox is not in sync with the Podfile.lock. Run 'pod install' or update your CocoaPods installation.\" >&2\n    exit 1\nfi\n# This output is used by Xcode 'outputs' to avoid re-running this script phase.\necho \"SUCCESS\" > \"${SCRIPT_OUTPUT_FILE_0}\"\n";
			showEnvVarsInLog = 0;
		};
/* End PBXShellScriptBuildPhase section */

/* Begin PBXSourcesBuildPhase section */
		A81119992995D17600BBE62D /* Sources */ = {
			isa = PBXSourcesBuildPhase;
			buildActionMask = 2147483647;
			files = (
				A81119D32995E05F00BBE62D /* FirstViewCoordinator.swift in Sources */,
				A81119D12995E03400BBE62D /* Coordinator.swift in Sources */,
				A81119A52995D17600BBE62D /* ViewController.swift in Sources */,
				A81119D52995E0EE00BBE62D /* FirstViewController.swift in Sources */,
				A81119A12995D17600BBE62D /* AppDelegate.swift in Sources */,
				A81119A32995D17600BBE62D /* SceneDelegate.swift in Sources */,
			);
			runOnlyForDeploymentPostprocessing = 0;
		};
		A81119AF2995D17700BBE62D /* Sources */ = {
			isa = PBXSourcesBuildPhase;
			buildActionMask = 2147483647;
			files = (
				A81119B82995D17700BBE62D /* Test_TabBarCoordinatorTests.swift in Sources */,
			);
			runOnlyForDeploymentPostprocessing = 0;
		};
		A81119B92995D17700BBE62D /* Sources */ = {
			isa = PBXSourcesBuildPhase;
			buildActionMask = 2147483647;
			files = (
				A81119C22995D17700BBE62D /* Test_TabBarCoordinatorUITests.swift in Sources */,
				A81119C42995D17700BBE62D /* Test_TabBarCoordinatorUITestsLaunchTests.swift in Sources */,
			);
			runOnlyForDeploymentPostprocessing = 0;
		};
/* End PBXSourcesBuildPhase section */

/* Begin PBXTargetDependency section */
		A81119B52995D17700BBE62D /* PBXTargetDependency */ = {
			isa = PBXTargetDependency;
			target = A811199C2995D17600BBE62D /* Test_TabBarCoordinator */;
			targetProxy = A81119B42995D17700BBE62D /* PBXContainerItemProxy */;
		};
		A81119BF2995D17700BBE62D /* PBXTargetDependency */ = {
			isa = PBXTargetDependency;
			target = A811199C2995D17600BBE62D /* Test_TabBarCoordinator */;
			targetProxy = A81119BE2995D17700BBE62D /* PBXContainerItemProxy */;
		};
/* End PBXTargetDependency section */

/* Begin PBXVariantGroup section */
		A81119A62995D17600BBE62D /* Main.storyboard */ = {
			isa = PBXVariantGroup;
			children = (
				A81119A72995D17600BBE62D /* Base */,
			);
			name = Main.storyboard;
			sourceTree = "<group>";
		};
		A81119AB2995D17700BBE62D /* LaunchScreen.storyboard */ = {
			isa = PBXVariantGroup;
			children = (
				A81119AC2995D17700BBE62D /* Base */,
			);
			name = LaunchScreen.storyboard;
			sourceTree = "<group>";
		};
/* End PBXVariantGroup section */

/* Begin XCBuildConfiguration section */
		A81119C52995D17700BBE62D /* Debug */ = {
			isa = XCBuildConfiguration;
			buildSettings = {
				ALWAYS_SEARCH_USER_PATHS = NO;
				CLANG_ANALYZER_NONNULL = YES;
				CLANG_ANALYZER_NUMBER_OBJECT_CONVERSION = YES_AGGRESSIVE;
				CLANG_CXX_LANGUAGE_STANDARD = "gnu++20";
				CLANG_ENABLE_MODULES = YES;
				CLANG_ENABLE_OBJC_ARC = YES;
				CLANG_ENABLE_OBJC_WEAK = YES;
				CLANG_WARN_BLOCK_CAPTURE_AUTORELEASING = YES;
				CLANG_WARN_BOOL_CONVERSION = YES;
				CLANG_WARN_COMMA = YES;
				CLANG_WARN_CONSTANT_CONVERSION = YES;
				CLANG_WARN_DEPRECATED_OBJC_IMPLEMENTATIONS = YES;
				CLANG_WARN_DIRECT_OBJC_ISA_USAGE = YES_ERROR;
				CLANG_WARN_DOCUMENTATION_COMMENTS = YES;
				CLANG_WARN_EMPTY_BODY = YES;
				CLANG_WARN_ENUM_CONVERSION = YES;
				CLANG_WARN_INFINITE_RECURSION = YES;
				CLANG_WARN_INT_CONVERSION = YES;
				CLANG_WARN_NON_LITERAL_NULL_CONVERSION = YES;
				CLANG_WARN_OBJC_IMPLICIT_RETAIN_SELF = YES;
				CLANG_WARN_OBJC_LITERAL_CONVERSION = YES;
				CLANG_WARN_OBJC_ROOT_CLASS = YES_ERROR;
				CLANG_WARN_QUOTED_INCLUDE_IN_FRAMEWORK_HEADER = YES;
				CLANG_WARN_RANGE_LOOP_ANALYSIS = YES;
				CLANG_WARN_STRICT_PROTOTYPES = YES;
				CLANG_WARN_SUSPICIOUS_MOVE = YES;
				CLANG_WARN_UNGUARDED_AVAILABILITY = YES_AGGRESSIVE;
				CLANG_WARN_UNREACHABLE_CODE = YES;
				CLANG_WARN__DUPLICATE_METHOD_MATCH = YES;
				COPY_PHASE_STRIP = NO;
				DEBUG_INFORMATION_FORMAT = dwarf;
				ENABLE_STRICT_OBJC_MSGSEND = YES;
				ENABLE_TESTABILITY = YES;
				GCC_C_LANGUAGE_STANDARD = gnu11;
				GCC_DYNAMIC_NO_PIC = NO;
				GCC_NO_COMMON_BLOCKS = YES;
				GCC_OPTIMIZATION_LEVEL = 0;
				GCC_PREPROCESSOR_DEFINITIONS = (
					"DEBUG=1",
					"$(inherited)",
				);
				GCC_WARN_64_TO_32_BIT_CONVERSION = YES;
				GCC_WARN_ABOUT_RETURN_TYPE = YES_ERROR;
				GCC_WARN_UNDECLARED_SELECTOR = YES;
				GCC_WARN_UNINITIALIZED_AUTOS = YES_AGGRESSIVE;
				GCC_WARN_UNUSED_FUNCTION = YES;
				GCC_WARN_UNUSED_VARIABLE = YES;
				IPHONEOS_DEPLOYMENT_TARGET = 16.2;
				MTL_ENABLE_DEBUG_INFO = INCLUDE_SOURCE;
				MTL_FAST_MATH = YES;
				ONLY_ACTIVE_ARCH = YES;
				SDKROOT = iphoneos;
				SWIFT_ACTIVE_COMPILATION_CONDITIONS = DEBUG;
				SWIFT_OPTIMIZATION_LEVEL = "-Onone";
			};
			name = Debug;
		};
		A81119C62995D17700BBE62D /* Release */ = {
			isa = XCBuildConfiguration;
			buildSettings = {
				ALWAYS_SEARCH_USER_PATHS = NO;
				CLANG_ANALYZER_NONNULL = YES;
				CLANG_ANALYZER_NUMBER_OBJECT_CONVERSION = YES_AGGRESSIVE;
				CLANG_CXX_LANGUAGE_STANDARD = "gnu++20";
				CLANG_ENABLE_MODULES = YES;
				CLANG_ENABLE_OBJC_ARC = YES;
				CLANG_ENABLE_OBJC_WEAK = YES;
				CLANG_WARN_BLOCK_CAPTURE_AUTORELEASING = YES;
				CLANG_WARN_BOOL_CONVERSION = YES;
				CLANG_WARN_COMMA = YES;
				CLANG_WARN_CONSTANT_CONVERSION = YES;
				CLANG_WARN_DEPRECATED_OBJC_IMPLEMENTATIONS = YES;
				CLANG_WARN_DIRECT_OBJC_ISA_USAGE = YES_ERROR;
				CLANG_WARN_DOCUMENTATION_COMMENTS = YES;
				CLANG_WARN_EMPTY_BODY = YES;
				CLANG_WARN_ENUM_CONVERSION = YES;
				CLANG_WARN_INFINITE_RECURSION = YES;
				CLANG_WARN_INT_CONVERSION = YES;
				CLANG_WARN_NON_LITERAL_NULL_CONVERSION = YES;
				CLANG_WARN_OBJC_IMPLICIT_RETAIN_SELF = YES;
				CLANG_WARN_OBJC_LITERAL_CONVERSION = YES;
				CLANG_WARN_OBJC_ROOT_CLASS = YES_ERROR;
				CLANG_WARN_QUOTED_INCLUDE_IN_FRAMEWORK_HEADER = YES;
				CLANG_WARN_RANGE_LOOP_ANALYSIS = YES;
				CLANG_WARN_STRICT_PROTOTYPES = YES;
				CLANG_WARN_SUSPICIOUS_MOVE = YES;
				CLANG_WARN_UNGUARDED_AVAILABILITY = YES_AGGRESSIVE;
				CLANG_WARN_UNREACHABLE_CODE = YES;
				CLANG_WARN__DUPLICATE_METHOD_MATCH = YES;
				COPY_PHASE_STRIP = NO;
				DEBUG_INFORMATION_FORMAT = "dwarf-with-dsym";
				ENABLE_NS_ASSERTIONS = NO;
				ENABLE_STRICT_OBJC_MSGSEND = YES;
				GCC_C_LANGUAGE_STANDARD = gnu11;
				GCC_NO_COMMON_BLOCKS = YES;
				GCC_WARN_64_TO_32_BIT_CONVERSION = YES;
				GCC_WARN_ABOUT_RETURN_TYPE = YES_ERROR;
				GCC_WARN_UNDECLARED_SELECTOR = YES;
				GCC_WARN_UNINITIALIZED_AUTOS = YES_AGGRESSIVE;
				GCC_WARN_UNUSED_FUNCTION = YES;
				GCC_WARN_UNUSED_VARIABLE = YES;
				IPHONEOS_DEPLOYMENT_TARGET = 16.2;
				MTL_ENABLE_DEBUG_INFO = NO;
				MTL_FAST_MATH = YES;
				SDKROOT = iphoneos;
				SWIFT_COMPILATION_MODE = wholemodule;
				SWIFT_OPTIMIZATION_LEVEL = "-O";
				VALIDATE_PRODUCT = YES;
			};
			name = Release;
		};
		A81119C82995D17700BBE62D /* Debug */ = {
			isa = XCBuildConfiguration;
			baseConfigurationReference = 501EB89196D2D9A331598C22 /* Pods-Test_TabBarCoordinator.debug.xcconfig */;
			buildSettings = {
				ASSETCATALOG_COMPILER_APPICON_NAME = AppIcon;
				ASSETCATALOG_COMPILER_GLOBAL_ACCENT_COLOR_NAME = AccentColor;
				CODE_SIGN_STYLE = Automatic;
				CURRENT_PROJECT_VERSION = 1;
				GENERATE_INFOPLIST_FILE = YES;
				INFOPLIST_FILE = Test_TabBarCoordinator/Info.plist;
				INFOPLIST_KEY_UIApplicationSupportsIndirectInputEvents = YES;
				INFOPLIST_KEY_UILaunchStoryboardName = LaunchScreen;
				INFOPLIST_KEY_UIMainStoryboardFile = Main;
				INFOPLIST_KEY_UISupportedInterfaceOrientations_iPad = "UIInterfaceOrientationPortrait UIInterfaceOrientationPortraitUpsideDown UIInterfaceOrientationLandscapeLeft UIInterfaceOrientationLandscapeRight";
				INFOPLIST_KEY_UISupportedInterfaceOrientations_iPhone = "UIInterfaceOrientationPortrait UIInterfaceOrientationLandscapeLeft UIInterfaceOrientationLandscapeRight";
				LD_RUNPATH_SEARCH_PATHS = (
					"$(inherited)",
					"@executable_path/Frameworks",
				);
				MARKETING_VERSION = 1.0;
				PRODUCT_BUNDLE_IDENTIFIER = "com.test.Test-TabBarCoordinator";
				PRODUCT_NAME = "$(TARGET_NAME)";
				SWIFT_EMIT_LOC_STRINGS = YES;
				SWIFT_VERSION = 5.0;
				TARGETED_DEVICE_FAMILY = "1,2";
			};
			name = Debug;
		};
		A81119C92995D17700BBE62D /* Release */ = {
			isa = XCBuildConfiguration;
			baseConfigurationReference = BD8BE9D2301C3D5526FD4F6E /* Pods-Test_TabBarCoordinator.release.xcconfig */;
			buildSettings = {
				ASSETCATALOG_COMPILER_APPICON_NAME = AppIcon;
				ASSETCATALOG_COMPILER_GLOBAL_ACCENT_COLOR_NAME = AccentColor;
				CODE_SIGN_STYLE = Automatic;
				CURRENT_PROJECT_VERSION = 1;
				GENERATE_INFOPLIST_FILE = YES;
				INFOPLIST_FILE = Test_TabBarCoordinator/Info.plist;
				INFOPLIST_KEY_UIApplicationSupportsIndirectInputEvents = YES;
				INFOPLIST_KEY_UILaunchStoryboardName = LaunchScreen;
				INFOPLIST_KEY_UIMainStoryboardFile = Main;
				INFOPLIST_KEY_UISupportedInterfaceOrientations_iPad = "UIInterfaceOrientationPortrait UIInterfaceOrientationPortraitUpsideDown UIInterfaceOrientationLandscapeLeft UIInterfaceOrientationLandscapeRight";
				INFOPLIST_KEY_UISupportedInterfaceOrientations_iPhone = "UIInterfaceOrientationPortrait UIInterfaceOrientationLandscapeLeft UIInterfaceOrientationLandscapeRight";
				LD_RUNPATH_SEARCH_PATHS = (
					"$(inherited)",
					"@executable_path/Frameworks",
				);
				MARKETING_VERSION = 1.0;
				PRODUCT_BUNDLE_IDENTIFIER = "com.test.Test-TabBarCoordinator";
				PRODUCT_NAME = "$(TARGET_NAME)";
				SWIFT_EMIT_LOC_STRINGS = YES;
				SWIFT_VERSION = 5.0;
				TARGETED_DEVICE_FAMILY = "1,2";
			};
			name = Release;
		};
		A81119CB2995D17700BBE62D /* Debug */ = {
			isa = XCBuildConfiguration;
			baseConfigurationReference = C8907D08BF64914FAD52F2DF /* Pods-Test_TabBarCoordinatorTests.debug.xcconfig */;
			buildSettings = {
				ALWAYS_EMBED_SWIFT_STANDARD_LIBRARIES = YES;
				BUNDLE_LOADER = "$(TEST_HOST)";
				CODE_SIGN_STYLE = Automatic;
				CURRENT_PROJECT_VERSION = 1;
				GENERATE_INFOPLIST_FILE = YES;
				IPHONEOS_DEPLOYMENT_TARGET = 16.2;
				MARKETING_VERSION = 1.0;
				PRODUCT_BUNDLE_IDENTIFIER = "com.test.Test-TabBarCoordinatorTests";
				PRODUCT_NAME = "$(TARGET_NAME)";
				SWIFT_EMIT_LOC_STRINGS = NO;
				SWIFT_VERSION = 5.0;
				TARGETED_DEVICE_FAMILY = "1,2";
				TEST_HOST = "$(BUILT_PRODUCTS_DIR)/Test_TabBarCoordinator.app/$(BUNDLE_EXECUTABLE_FOLDER_PATH)/Test_TabBarCoordinator";
			};
			name = Debug;
		};
		A81119CC2995D17700BBE62D /* Release */ = {
			isa = XCBuildConfiguration;
			baseConfigurationReference = D3A7DA05211375566AA35D0B /* Pods-Test_TabBarCoordinatorTests.release.xcconfig */;
			buildSettings = {
				ALWAYS_EMBED_SWIFT_STANDARD_LIBRARIES = YES;
				BUNDLE_LOADER = "$(TEST_HOST)";
				CODE_SIGN_STYLE = Automatic;
				CURRENT_PROJECT_VERSION = 1;
				GENERATE_INFOPLIST_FILE = YES;
				IPHONEOS_DEPLOYMENT_TARGET = 16.2;
				MARKETING_VERSION = 1.0;
				PRODUCT_BUNDLE_IDENTIFIER = "com.test.Test-TabBarCoordinatorTests";
				PRODUCT_NAME = "$(TARGET_NAME)";
				SWIFT_EMIT_LOC_STRINGS = NO;
				SWIFT_VERSION = 5.0;
				TARGETED_DEVICE_FAMILY = "1,2";
				TEST_HOST = "$(BUILT_PRODUCTS_DIR)/Test_TabBarCoordinator.app/$(BUNDLE_EXECUTABLE_FOLDER_PATH)/Test_TabBarCoordinator";
			};
			name = Release;
		};
		A81119CE2995D17700BBE62D /* Debug */ = {
			isa = XCBuildConfiguration;
			baseConfigurationReference = 5F0FB455CFC902048ED514DF /* Pods-Test_TabBarCoordinator-Test_TabBarCoordinatorUITests.debug.xcconfig */;
			buildSettings = {
				ALWAYS_EMBED_SWIFT_STANDARD_LIBRARIES = YES;
				CODE_SIGN_STYLE = Automatic;
				CURRENT_PROJECT_VERSION = 1;
				GENERATE_INFOPLIST_FILE = YES;
				MARKETING_VERSION = 1.0;
				PRODUCT_BUNDLE_IDENTIFIER = "com.test.Test-TabBarCoordinatorUITests";
				PRODUCT_NAME = "$(TARGET_NAME)";
				SWIFT_EMIT_LOC_STRINGS = NO;
				SWIFT_VERSION = 5.0;
				TARGETED_DEVICE_FAMILY = "1,2";
				TEST_TARGET_NAME = Test_TabBarCoordinator;
			};
			name = Debug;
		};
		A81119CF2995D17700BBE62D /* Release */ = {
			isa = XCBuildConfiguration;
			baseConfigurationReference = FB73212E9B376E6EC3864A5C /* Pods-Test_TabBarCoordinator-Test_TabBarCoordinatorUITests.release.xcconfig */;
			buildSettings = {
				ALWAYS_EMBED_SWIFT_STANDARD_LIBRARIES = YES;
				CODE_SIGN_STYLE = Automatic;
				CURRENT_PROJECT_VERSION = 1;
				GENERATE_INFOPLIST_FILE = YES;
				MARKETING_VERSION = 1.0;
				PRODUCT_BUNDLE_IDENTIFIER = "com.test.Test-TabBarCoordinatorUITests";
				PRODUCT_NAME = "$(TARGET_NAME)";
				SWIFT_EMIT_LOC_STRINGS = NO;
				SWIFT_VERSION = 5.0;
				TARGETED_DEVICE_FAMILY = "1,2";
				TEST_TARGET_NAME = Test_TabBarCoordinator;
			};
			name = Release;
		};
/* End XCBuildConfiguration section */

/* Begin XCConfigurationList section */
		A81119982995D17600BBE62D /* Build configuration list for PBXProject "Test_TabBarCoordinator" */ = {
			isa = XCConfigurationList;
			buildConfigurations = (
				A81119C52995D17700BBE62D /* Debug */,
				A81119C62995D17700BBE62D /* Release */,
			);
			defaultConfigurationIsVisible = 0;
			defaultConfigurationName = Release;
		};
		A81119C72995D17700BBE62D /* Build configuration list for PBXNativeTarget "Test_TabBarCoordinator" */ = {
			isa = XCConfigurationList;
			buildConfigurations = (
				A81119C82995D17700BBE62D /* Debug */,
				A81119C92995D17700BBE62D /* Release */,
			);
			defaultConfigurationIsVisible = 0;
			defaultConfigurationName = Release;
		};
		A81119CA2995D17700BBE62D /* Build configuration list for PBXNativeTarget "Test_TabBarCoordinatorTests" */ = {
			isa = XCConfigurationList;
			buildConfigurations = (
				A81119CB2995D17700BBE62D /* Debug */,
				A81119CC2995D17700BBE62D /* Release */,
			);
			defaultConfigurationIsVisible = 0;
			defaultConfigurationName = Release;
		};
		A81119CD2995D17700BBE62D /* Build configuration list for PBXNativeTarget "Test_TabBarCoordinatorUITests" */ = {
			isa = XCConfigurationList;
			buildConfigurations = (
				A81119CE2995D17700BBE62D /* Debug */,
				A81119CF2995D17700BBE62D /* Release */,
			);
			defaultConfigurationIsVisible = 0;
			defaultConfigurationName = Release;
		};
/* End XCConfigurationList section */
	};
	rootObject = A81119952995D17600BBE62D /* Project object */;
}
